// !$*UTF8*$!
{
	archiveVersion = 1;
	classes = {
	};
	objectVersion = 51;
	objects = {

/* Begin PBXBuildFile section */
		562571E01D223F451BFAE335 /* Pods_Crypto_CryptoUITests.framework in Frameworks */ = {isa = PBXBuildFile; fileRef = B485EF1652C5A99CEB4F5EC3 /* Pods_Crypto_CryptoUITests.framework */; };
		867CF9E00B9006BEC8DB9680 /* Pods_CryptoTests.framework in Frameworks */ = {isa = PBXBuildFile; fileRef = FD55EAD58C940BCB0CFE41F9 /* Pods_CryptoTests.framework */; };
		E991B19B4F4A6C95164FB1E4 /* Pods_Crypto.framework in Frameworks */ = {isa = PBXBuildFile; fileRef = 1D84B600D66119D18ACC7D88 /* Pods_Crypto.framework */; };
		F403F61426AF151200E64D9F /* SearchBarView.swift in Sources */ = {isa = PBXBuildFile; fileRef = F403F61326AF151200E64D9F /* SearchBarView.swift */; };
		F403F61626AF1B4700E64D9F /* UIApplication.swift in Sources */ = {isa = PBXBuildFile; fileRef = F403F61526AF1B4700E64D9F /* UIApplication.swift */; };
		F41B29AE26A47B4000D7FD7E /* CryptoApp.swift in Sources */ = {isa = PBXBuildFile; fileRef = F41B29AD26A47B4000D7FD7E /* CryptoApp.swift */; };
		F41B29B226A47B4000D7FD7E /* Assets.xcassets in Resources */ = {isa = PBXBuildFile; fileRef = F41B29B126A47B4000D7FD7E /* Assets.xcassets */; };
		F41B29B526A47B4000D7FD7E /* Preview Assets.xcassets in Resources */ = {isa = PBXBuildFile; fileRef = F41B29B426A47B4000D7FD7E /* Preview Assets.xcassets */; };
		F41B29BE26A47C3800D7FD7E /* Color.swift in Sources */ = {isa = PBXBuildFile; fileRef = F41B29BD26A47C3800D7FD7E /* Color.swift */; };
		F41B29C326A47C6500D7FD7E /* HomeView.swift in Sources */ = {isa = PBXBuildFile; fileRef = F41B29C226A47C6500D7FD7E /* HomeView.swift */; };
		F43868A026AB5BE30072BA35 /* NetworkManager.swift in Sources */ = {isa = PBXBuildFile; fileRef = F438689F26AB5BE30072BA35 /* NetworkManager.swift */; };
		F43868A326AB6D0C0072BA35 /* CoinImageView.swift in Sources */ = {isa = PBXBuildFile; fileRef = F43868A226AB6D0C0072BA35 /* CoinImageView.swift */; };
		F44068D926E7F78700C28050 /* RegisterView.swift in Sources */ = {isa = PBXBuildFile; fileRef = F44068D826E7F78700C28050 /* RegisterView.swift */; };
		F444EE1526ACB22200F6ADA1 /* CoinImageService.swift in Sources */ = {isa = PBXBuildFile; fileRef = F444EE1426ACB22200F6ADA1 /* CoinImageService.swift */; };
		F444EE1726ACB6FE00F6ADA1 /* CoinImageViewModel.swift in Sources */ = {isa = PBXBuildFile; fileRef = F444EE1626ACB6FE00F6ADA1 /* CoinImageViewModel.swift */; };
		F4482AC226A8863500F96725 /* CoinDataService.swift in Sources */ = {isa = PBXBuildFile; fileRef = F4482AC126A8863500F96725 /* CoinDataService.swift */; };
		F44F34D926BED2B800FBA42A /* CoinDataServiceTests.swift in Sources */ = {isa = PBXBuildFile; fileRef = F44F34D826BED2B800FBA42A /* CoinDataServiceTests.swift */; };
		F44F34E126BEDD4500FBA42A /* LoginViewTests.swift in Sources */ = {isa = PBXBuildFile; fileRef = F44F34E026BEDD4500FBA42A /* LoginViewTests.swift */; };
		F45196A826B71E2900EF4E35 /* CoinDetailModel.swift in Sources */ = {isa = PBXBuildFile; fileRef = F45196A726B71E2900EF4E35 /* CoinDetailModel.swift */; };
		F45196AA26B7221E00EF4E35 /* DetailViewModel.swift in Sources */ = {isa = PBXBuildFile; fileRef = F45196A926B7221E00EF4E35 /* DetailViewModel.swift */; };
		F45196AC26B7224D00EF4E35 /* CoinDetailDataService.swift in Sources */ = {isa = PBXBuildFile; fileRef = F45196AB26B7224D00EF4E35 /* CoinDetailDataService.swift */; };
		F458683526A62672007060EA /* CircleButtonView.swift in Sources */ = {isa = PBXBuildFile; fileRef = F458683426A62672007060EA /* CircleButtonView.swift */; };
		F458683726A62B3B007060EA /* CIrcleButtonAnimationView.swift in Sources */ = {isa = PBXBuildFile; fileRef = F458683626A62B3B007060EA /* CIrcleButtonAnimationView.swift */; };
		F45AF88726AEDE9E00DF7D1E /* LocalFileManager.swift in Sources */ = {isa = PBXBuildFile; fileRef = F45AF88626AEDE9E00DF7D1E /* LocalFileManager.swift */; };
		F45C142526EE26AC00DD7074 /* TestAuthenticationService.swift in Sources */ = {isa = PBXBuildFile; fileRef = F45C142426EE26AC00DD7074 /* TestAuthenticationService.swift */; };
		F45C142826EE38E900DD7074 /* AuthenticationServiceFactory.swift in Sources */ = {isa = PBXBuildFile; fileRef = F45C142726EE38E900DD7074 /* AuthenticationServiceFactory.swift */; };
		F45EC68626B340F700115F4D /* MarketDataService.swift in Sources */ = {isa = PBXBuildFile; fileRef = F45EC68526B340F700115F4D /* MarketDataService.swift */; };
		F45EC68826B34A8900115F4D /* PortfolioView.swift in Sources */ = {isa = PBXBuildFile; fileRef = F45EC68726B34A8900115F4D /* PortfolioView.swift */; };
		F45EC68A26B34CC200115F4D /* XMarkButton.swift in Sources */ = {isa = PBXBuildFile; fileRef = F45EC68926B34CC200115F4D /* XMarkButton.swift */; };
		F45EC68C26B3502000115F4D /* CoinLogoView.swift in Sources */ = {isa = PBXBuildFile; fileRef = F45EC68B26B3502000115F4D /* CoinLogoView.swift */; };
		F45EC68F26B49A0500115F4D /* PortfolioContainer.xcdatamodeld in Sources */ = {isa = PBXBuildFile; fileRef = F45EC68D26B49A0500115F4D /* PortfolioContainer.xcdatamodeld */; };
		F45EC69126B49AA000115F4D /* PortfolioDataService.swift in Sources */ = {isa = PBXBuildFile; fileRef = F45EC69026B49AA000115F4D /* PortfolioDataService.swift */; };
		F45EC69326B5520300115F4D /* HapticManager.swift in Sources */ = {isa = PBXBuildFile; fileRef = F45EC69226B5520300115F4D /* HapticManager.swift */; };
		F45F7A4D26EC98400005E851 /* ButtonView.swift in Sources */ = {isa = PBXBuildFile; fileRef = F45F7A4C26EC98400005E851 /* ButtonView.swift */; };
		F45F7A4F26EC9B740005E851 /* SecondaryButtonModifier.swift in Sources */ = {isa = PBXBuildFile; fileRef = F45F7A4E26EC9B740005E851 /* SecondaryButtonModifier.swift */; };
		F45F7A5426ECC5E50005E851 /* CommandLine.swift in Sources */ = {isa = PBXBuildFile; fileRef = F45F7A5326ECC5E50005E851 /* CommandLine.swift */; };
		F45F7A5526ECC6880005E851 /* CommandLine.swift in Sources */ = {isa = PBXBuildFile; fileRef = F45F7A5326ECC5E50005E851 /* CommandLine.swift */; };
		F463C7DD26F3AF4D00A6910E /* HomeViewModel.swift in Sources */ = {isa = PBXBuildFile; fileRef = F4A6C2B626A7666F00F7DE33 /* HomeViewModel.swift */; };
		F463C7DE26F3AF5500A6910E /* MarketDataService.swift in Sources */ = {isa = PBXBuildFile; fileRef = F45EC68526B340F700115F4D /* MarketDataService.swift */; };
		F463C7DF26F3BD3000A6910E /* MarketDataModel.swift in Sources */ = {isa = PBXBuildFile; fileRef = F4892B0D26B0A26F00432A5E /* MarketDataModel.swift */; };
		F463C7E026F3BDBD00A6910E /* StatistictModel.swift in Sources */ = {isa = PBXBuildFile; fileRef = F4892B0726B093E600432A5E /* StatistictModel.swift */; };
		F463C7E126F3BDBD00A6910E /* CoinDetailModel.swift in Sources */ = {isa = PBXBuildFile; fileRef = F45196A726B71E2900EF4E35 /* CoinDetailModel.swift */; };
		F463C7E226F3BDFA00A6910E /* CoinDetailDataService.swift in Sources */ = {isa = PBXBuildFile; fileRef = F45196AB26B7224D00EF4E35 /* CoinDetailDataService.swift */; };
		F463C7E326F3BE3D00A6910E /* LocalFileManager.swift in Sources */ = {isa = PBXBuildFile; fileRef = F45AF88626AEDE9E00DF7D1E /* LocalFileManager.swift */; };
		F463C7E426F3BE3D00A6910E /* HapticManager.swift in Sources */ = {isa = PBXBuildFile; fileRef = F45EC69226B5520300115F4D /* HapticManager.swift */; };
		F463C7E526F3BE3D00A6910E /* Color.swift in Sources */ = {isa = PBXBuildFile; fileRef = F41B29BD26A47C3800D7FD7E /* Color.swift */; };
		F463C7E626F3BE3D00A6910E /* PreviewProvider.swift in Sources */ = {isa = PBXBuildFile; fileRef = F4A6C2B226A75C9D00F7DE33 /* PreviewProvider.swift */; };
		F463C7E726F3BE3D00A6910E /* Double.swift in Sources */ = {isa = PBXBuildFile; fileRef = F4A6C2B426A75FD400F7DE33 /* Double.swift */; };
		F463C7E826F3BE3D00A6910E /* Date.swift in Sources */ = {isa = PBXBuildFile; fileRef = F4C583BB26B9D24E000BFECA /* Date.swift */; };
		F463C7E926F3BE3D00A6910E /* String.swift in Sources */ = {isa = PBXBuildFile; fileRef = F474278C26BB2A5F00D30B8B /* String.swift */; };
		F463C7EA26F3BE3D00A6910E /* CommandLine.swift in Sources */ = {isa = PBXBuildFile; fileRef = F45F7A5326ECC5E50005E851 /* CommandLine.swift */; };
		F463C7EB26F3BE3D00A6910E /* PortfolioDataService.swift in Sources */ = {isa = PBXBuildFile; fileRef = F45EC69026B49AA000115F4D /* PortfolioDataService.swift */; };
		F463C7EC26F3BE3D00A6910E /* CoinImageService.swift in Sources */ = {isa = PBXBuildFile; fileRef = F444EE1426ACB22200F6ADA1 /* CoinImageService.swift */; };
		F463C7ED26F3BF2400A6910E /* PortfolioContainer.xcdatamodeld in Sources */ = {isa = PBXBuildFile; fileRef = F45EC68D26B49A0500115F4D /* PortfolioContainer.xcdatamodeld */; };
		F474278D26BB2A5F00D30B8B /* String.swift in Sources */ = {isa = PBXBuildFile; fileRef = F474278C26BB2A5F00D30B8B /* String.swift */; };
		F474279126BB318700D30B8B /* SettingsView.swift in Sources */ = {isa = PBXBuildFile; fileRef = F474279026BB318700D30B8B /* SettingsView.swift */; };
		F487CD2226EE64E800209B44 /* HomeViewTests.swift in Sources */ = {isa = PBXBuildFile; fileRef = F487CD2126EE64E800209B44 /* HomeViewTests.swift */; };
		F487CD2526EE661400209B44 /* XCUIApplication.swift in Sources */ = {isa = PBXBuildFile; fileRef = F487CD2426EE661400209B44 /* XCUIApplication.swift */; };
		F487CD2826EE678F00209B44 /* SessionServiceFactory.swift in Sources */ = {isa = PBXBuildFile; fileRef = F487CD2726EE678F00209B44 /* SessionServiceFactory.swift */; };
		F487CD2A26EE67B500209B44 /* TestSessionService.swift in Sources */ = {isa = PBXBuildFile; fileRef = F487CD2926EE67B500209B44 /* TestSessionService.swift */; };
		F4892B0826B093E600432A5E /* StatistictModel.swift in Sources */ = {isa = PBXBuildFile; fileRef = F4892B0726B093E600432A5E /* StatistictModel.swift */; };
		F4892B0A26B0956700432A5E /* StatisticView.swift in Sources */ = {isa = PBXBuildFile; fileRef = F4892B0926B0956700432A5E /* StatisticView.swift */; };
		F4892B0C26B0990B00432A5E /* HomeStatsView.swift in Sources */ = {isa = PBXBuildFile; fileRef = F4892B0B26B0990B00432A5E /* HomeStatsView.swift */; };
		F4892B0E26B0A26F00432A5E /* MarketDataModel.swift in Sources */ = {isa = PBXBuildFile; fileRef = F4892B0D26B0A26F00432A5E /* MarketDataModel.swift */; };
		F48DC88326A72A9D00254A6D /* CoinModel.swift in Sources */ = {isa = PBXBuildFile; fileRef = F48DC88226A72A9D00254A6D /* CoinModel.swift */; };
		F499A0AB26E6928E0027987A /* UserData.swift in Sources */ = {isa = PBXBuildFile; fileRef = F499A0AA26E6928E0027987A /* UserData.swift */; };
		F49B0DEB26BC74870017841B /* LaunchScreen.storyboard in Resources */ = {isa = PBXBuildFile; fileRef = F49B0DEA26BC74870017841B /* LaunchScreen.storyboard */; };
		F49B0DED26BC77210017841B /* LaunchView.swift in Sources */ = {isa = PBXBuildFile; fileRef = F49B0DEC26BC77210017841B /* LaunchView.swift */; };
		F49C985626D0095E00143185 /* RegisterViewModel.swift in Sources */ = {isa = PBXBuildFile; fileRef = F49C985526D0095E00143185 /* RegisterViewModel.swift */; };
		F49C985826D0097700143185 /* LoginView.swift in Sources */ = {isa = PBXBuildFile; fileRef = F49C985726D0097700143185 /* LoginView.swift */; };
		F49C985A26D009EA00143185 /* AuthenticationServiceProtocol.swift in Sources */ = {isa = PBXBuildFile; fileRef = F49C985926D009EA00143185 /* AuthenticationServiceProtocol.swift */; };
		F49C985C26D00C3B00143185 /* FirebaseAuthenticationService.swift in Sources */ = {isa = PBXBuildFile; fileRef = F49C985B26D00C3B00143185 /* FirebaseAuthenticationService.swift */; };
		F49C985E26D01BD900143185 /* GoogleService-Info.plist in Resources */ = {isa = PBXBuildFile; fileRef = F49C985D26D01BD900143185 /* GoogleService-Info.plist */; };
		F4A6C2B126A75BDC00F7DE33 /* CoinRowView.swift in Sources */ = {isa = PBXBuildFile; fileRef = F4A6C2B026A75BDC00F7DE33 /* CoinRowView.swift */; };
		F4A6C2B326A75C9D00F7DE33 /* PreviewProvider.swift in Sources */ = {isa = PBXBuildFile; fileRef = F4A6C2B226A75C9D00F7DE33 /* PreviewProvider.swift */; };
		F4A6C2B526A75FD400F7DE33 /* Double.swift in Sources */ = {isa = PBXBuildFile; fileRef = F4A6C2B426A75FD400F7DE33 /* Double.swift */; };
		F4A6C2B726A7666F00F7DE33 /* HomeViewModel.swift in Sources */ = {isa = PBXBuildFile; fileRef = F4A6C2B626A7666F00F7DE33 /* HomeViewModel.swift */; };
		F4B7FF8E26C0188400AE8AFA /* NetworkingManager.swift in Sources */ = {isa = PBXBuildFile; fileRef = F4B7FF8D26C0188400AE8AFA /* NetworkingManager.swift */; };
		F4C583BA26B9CC08000BFECA /* ChartView.swift in Sources */ = {isa = PBXBuildFile; fileRef = F4C583B926B9CC08000BFECA /* ChartView.swift */; };
		F4C583BC26B9D24E000BFECA /* Date.swift in Sources */ = {isa = PBXBuildFile; fileRef = F4C583BB26B9D24E000BFECA /* Date.swift */; };
		F4C6A48B26D6779600DA7DA0 /* RegisterViewModel.swift in Sources */ = {isa = PBXBuildFile; fileRef = F49C985526D0095E00143185 /* RegisterViewModel.swift */; };
		F4C6A48C26D6779D00DA7DA0 /* AuthenticationServiceProtocol.swift in Sources */ = {isa = PBXBuildFile; fileRef = F49C985926D009EA00143185 /* AuthenticationServiceProtocol.swift */; };
		F4C6A48E26D6780000DA7DA0 /* FBLPromises.framework in Frameworks */ = {isa = PBXBuildFile; fileRef = F4C6A48D26D6780000DA7DA0 /* FBLPromises.framework */; };
		F4C85B6626B88810009C590A /* CoinModelTests.swift in Sources */ = {isa = PBXBuildFile; fileRef = F4C85B6526B88810009C590A /* CoinModelTests.swift */; };
		F4D5F9CF26F28E3200045DE1 /* HomeViewModelTests.swift in Sources */ = {isa = PBXBuildFile; fileRef = F4D5F9CE26F28E3200045DE1 /* HomeViewModelTests.swift */; };
		F4D5F9D226F2918F00045DE1 /* CoinModelHelper.swift in Sources */ = {isa = PBXBuildFile; fileRef = F4D5F9D126F2918F00045DE1 /* CoinModelHelper.swift */; };
		F4D7E46E26C19C54007AB772 /* CoinModel.swift in Sources */ = {isa = PBXBuildFile; fileRef = F48DC88226A72A9D00254A6D /* CoinModel.swift */; };
		F4D7E46F26C19C78007AB772 /* NetworkingManager.swift in Sources */ = {isa = PBXBuildFile; fileRef = F4B7FF8D26C0188400AE8AFA /* NetworkingManager.swift */; };
		F4D7E47026C19D76007AB772 /* CoinDataService.swift in Sources */ = {isa = PBXBuildFile; fileRef = F4482AC126A8863500F96725 /* CoinDataService.swift */; };
		F4D7E47126C19DD7007AB772 /* NetworkManager.swift in Sources */ = {isa = PBXBuildFile; fileRef = F438689F26AB5BE30072BA35 /* NetworkManager.swift */; };
		F4E171D726EA71BC001C5F9F /* SessionUserDetails.swift in Sources */ = {isa = PBXBuildFile; fileRef = F4E171D626EA71BC001C5F9F /* SessionUserDetails.swift */; };
		F4E171D926EA72B0001C5F9F /* FirebaseSessionService.swift in Sources */ = {isa = PBXBuildFile; fileRef = F4E171D826EA72B0001C5F9F /* FirebaseSessionService.swift */; };
		F4E171DB26EA7A84001C5F9F /* LoginViewModel.swift in Sources */ = {isa = PBXBuildFile; fileRef = F4E171DA26EA7A84001C5F9F /* LoginViewModel.swift */; };
		F4E171DD26EA82E0001C5F9F /* ForgotPasswordView.swift in Sources */ = {isa = PBXBuildFile; fileRef = F4E171DC26EA82E0001C5F9F /* ForgotPasswordView.swift */; };
		F4E171DF26EA8421001C5F9F /* ForgotPasswordViewModel.swift in Sources */ = {isa = PBXBuildFile; fileRef = F4E171DE26EA8421001C5F9F /* ForgotPasswordViewModel.swift */; };
		F4E171E326EA89B4001C5F9F /* InputTextFieldView.swift in Sources */ = {isa = PBXBuildFile; fileRef = F4E171E226EA89B4001C5F9F /* InputTextFieldView.swift */; };
		F4E171E626EA8FFA001C5F9F /* PreviewLayoutComponentModifier.swift in Sources */ = {isa = PBXBuildFile; fileRef = F4E171E526EA8FFA001C5F9F /* PreviewLayoutComponentModifier.swift */; };
		F4E171E826EA954C001C5F9F /* InputPasswordView.swift in Sources */ = {isa = PBXBuildFile; fileRef = F4E171E726EA954C001C5F9F /* InputPasswordView.swift */; };
		F4E171EA26EA95FD001C5F9F /* PrimaryButtonModifier.swift in Sources */ = {isa = PBXBuildFile; fileRef = F4E171E926EA95FD001C5F9F /* PrimaryButtonModifier.swift */; };
		F4FD4C6526B591540012C9A7 /* DetailView.swift in Sources */ = {isa = PBXBuildFile; fileRef = F4FD4C6426B591540012C9A7 /* DetailView.swift */; };
/* End PBXBuildFile section */

/* Begin PBXContainerItemProxy section */
		F44F34E326BEDD4500FBA42A /* PBXContainerItemProxy */ = {
			isa = PBXContainerItemProxy;
			containerPortal = F41B29A226A47B4000D7FD7E /* Project object */;
			proxyType = 1;
			remoteGlobalIDString = F41B29A926A47B4000D7FD7E;
			remoteInfo = Crypto;
		};
		F4C85B6026B887C3009C590A /* PBXContainerItemProxy */ = {
			isa = PBXContainerItemProxy;
			containerPortal = F41B29A226A47B4000D7FD7E /* Project object */;
			proxyType = 1;
			remoteGlobalIDString = F41B29A926A47B4000D7FD7E;
			remoteInfo = Crypto;
		};
/* End PBXContainerItemProxy section */

/* Begin PBXFileReference section */
		145D9187E2727022E55998DB /* Pods-Crypto.debug.xcconfig */ = {isa = PBXFileReference; includeInIndex = 1; lastKnownFileType = text.xcconfig; name = "Pods-Crypto.debug.xcconfig"; path = "Target Support Files/Pods-Crypto/Pods-Crypto.debug.xcconfig"; sourceTree = "<group>"; };
		160F572F2C39D3EDC75F3158 /* Pods-Crypto-CryptoUITests.debug.xcconfig */ = {isa = PBXFileReference; includeInIndex = 1; lastKnownFileType = text.xcconfig; name = "Pods-Crypto-CryptoUITests.debug.xcconfig"; path = "Target Support Files/Pods-Crypto-CryptoUITests/Pods-Crypto-CryptoUITests.debug.xcconfig"; sourceTree = "<group>"; };
		1D84B600D66119D18ACC7D88 /* Pods_Crypto.framework */ = {isa = PBXFileReference; explicitFileType = wrapper.framework; includeInIndex = 0; path = Pods_Crypto.framework; sourceTree = BUILT_PRODUCTS_DIR; };
		4C896FE26FBDFEB750592C23 /* Pods-CryptoTests.debug.xcconfig */ = {isa = PBXFileReference; includeInIndex = 1; lastKnownFileType = text.xcconfig; name = "Pods-CryptoTests.debug.xcconfig"; path = "Target Support Files/Pods-CryptoTests/Pods-CryptoTests.debug.xcconfig"; sourceTree = "<group>"; };
		7EEE797E04F2B8714F693B49 /* Pods-Crypto.release.xcconfig */ = {isa = PBXFileReference; includeInIndex = 1; lastKnownFileType = text.xcconfig; name = "Pods-Crypto.release.xcconfig"; path = "Target Support Files/Pods-Crypto/Pods-Crypto.release.xcconfig"; sourceTree = "<group>"; };
		B3485C486E5EC26B66DC8F35 /* Pods-Crypto-CryptoUITests.release.xcconfig */ = {isa = PBXFileReference; includeInIndex = 1; lastKnownFileType = text.xcconfig; name = "Pods-Crypto-CryptoUITests.release.xcconfig"; path = "Target Support Files/Pods-Crypto-CryptoUITests/Pods-Crypto-CryptoUITests.release.xcconfig"; sourceTree = "<group>"; };
		B485EF1652C5A99CEB4F5EC3 /* Pods_Crypto_CryptoUITests.framework */ = {isa = PBXFileReference; explicitFileType = wrapper.framework; includeInIndex = 0; path = Pods_Crypto_CryptoUITests.framework; sourceTree = BUILT_PRODUCTS_DIR; };
		F403F61326AF151200E64D9F /* SearchBarView.swift */ = {isa = PBXFileReference; lastKnownFileType = sourcecode.swift; path = SearchBarView.swift; sourceTree = "<group>"; };
		F403F61526AF1B4700E64D9F /* UIApplication.swift */ = {isa = PBXFileReference; lastKnownFileType = sourcecode.swift; path = UIApplication.swift; sourceTree = "<group>"; };
		F41B29AA26A47B4000D7FD7E /* Crypto.app */ = {isa = PBXFileReference; explicitFileType = wrapper.application; includeInIndex = 0; path = Crypto.app; sourceTree = BUILT_PRODUCTS_DIR; };
		F41B29AD26A47B4000D7FD7E /* CryptoApp.swift */ = {isa = PBXFileReference; lastKnownFileType = sourcecode.swift; path = CryptoApp.swift; sourceTree = "<group>"; };
		F41B29B126A47B4000D7FD7E /* Assets.xcassets */ = {isa = PBXFileReference; lastKnownFileType = folder.assetcatalog; path = Assets.xcassets; sourceTree = "<group>"; };
		F41B29B426A47B4000D7FD7E /* Preview Assets.xcassets */ = {isa = PBXFileReference; lastKnownFileType = folder.assetcatalog; path = "Preview Assets.xcassets"; sourceTree = "<group>"; };
		F41B29B626A47B4000D7FD7E /* Info.plist */ = {isa = PBXFileReference; lastKnownFileType = text.plist.xml; path = Info.plist; sourceTree = "<group>"; };
		F41B29BD26A47C3800D7FD7E /* Color.swift */ = {isa = PBXFileReference; fileEncoding = 4; lastKnownFileType = sourcecode.swift; path = Color.swift; sourceTree = "<group>"; };
		F41B29C226A47C6500D7FD7E /* HomeView.swift */ = {isa = PBXFileReference; lastKnownFileType = sourcecode.swift; path = HomeView.swift; sourceTree = "<group>"; };
		F438689F26AB5BE30072BA35 /* NetworkManager.swift */ = {isa = PBXFileReference; lastKnownFileType = sourcecode.swift; path = NetworkManager.swift; sourceTree = "<group>"; };
		F43868A226AB6D0C0072BA35 /* CoinImageView.swift */ = {isa = PBXFileReference; lastKnownFileType = sourcecode.swift; path = CoinImageView.swift; sourceTree = "<group>"; };
		F44068D826E7F78700C28050 /* RegisterView.swift */ = {isa = PBXFileReference; lastKnownFileType = sourcecode.swift; path = RegisterView.swift; sourceTree = "<group>"; };
		F444EE1426ACB22200F6ADA1 /* CoinImageService.swift */ = {isa = PBXFileReference; lastKnownFileType = sourcecode.swift; path = CoinImageService.swift; sourceTree = "<group>"; };
		F444EE1626ACB6FE00F6ADA1 /* CoinImageViewModel.swift */ = {isa = PBXFileReference; lastKnownFileType = sourcecode.swift; path = CoinImageViewModel.swift; sourceTree = "<group>"; };
		F4482AC126A8863500F96725 /* CoinDataService.swift */ = {isa = PBXFileReference; lastKnownFileType = sourcecode.swift; path = CoinDataService.swift; sourceTree = "<group>"; };
		F44F34D826BED2B800FBA42A /* CoinDataServiceTests.swift */ = {isa = PBXFileReference; lastKnownFileType = sourcecode.swift; path = CoinDataServiceTests.swift; sourceTree = "<group>"; };
		F44F34DE26BEDD4400FBA42A /* CryptoUITests.xctest */ = {isa = PBXFileReference; explicitFileType = wrapper.cfbundle; includeInIndex = 0; path = CryptoUITests.xctest; sourceTree = BUILT_PRODUCTS_DIR; };
		F44F34E026BEDD4500FBA42A /* LoginViewTests.swift */ = {isa = PBXFileReference; lastKnownFileType = sourcecode.swift; path = LoginViewTests.swift; sourceTree = "<group>"; };
		F44F34E226BEDD4500FBA42A /* Info.plist */ = {isa = PBXFileReference; lastKnownFileType = text.plist.xml; path = Info.plist; sourceTree = "<group>"; };
		F45196A726B71E2900EF4E35 /* CoinDetailModel.swift */ = {isa = PBXFileReference; lastKnownFileType = sourcecode.swift; path = CoinDetailModel.swift; sourceTree = "<group>"; };
		F45196A926B7221E00EF4E35 /* DetailViewModel.swift */ = {isa = PBXFileReference; lastKnownFileType = sourcecode.swift; path = DetailViewModel.swift; sourceTree = "<group>"; };
		F45196AB26B7224D00EF4E35 /* CoinDetailDataService.swift */ = {isa = PBXFileReference; lastKnownFileType = sourcecode.swift; path = CoinDetailDataService.swift; sourceTree = "<group>"; };
		F458683426A62672007060EA /* CircleButtonView.swift */ = {isa = PBXFileReference; lastKnownFileType = sourcecode.swift; path = CircleButtonView.swift; sourceTree = "<group>"; };
		F458683626A62B3B007060EA /* CIrcleButtonAnimationView.swift */ = {isa = PBXFileReference; lastKnownFileType = sourcecode.swift; path = CIrcleButtonAnimationView.swift; sourceTree = "<group>"; };
		F45AF88626AEDE9E00DF7D1E /* LocalFileManager.swift */ = {isa = PBXFileReference; lastKnownFileType = sourcecode.swift; path = LocalFileManager.swift; sourceTree = "<group>"; };
		F45C142426EE26AC00DD7074 /* TestAuthenticationService.swift */ = {isa = PBXFileReference; lastKnownFileType = sourcecode.swift; path = TestAuthenticationService.swift; sourceTree = "<group>"; };
		F45C142726EE38E900DD7074 /* AuthenticationServiceFactory.swift */ = {isa = PBXFileReference; lastKnownFileType = sourcecode.swift; path = AuthenticationServiceFactory.swift; sourceTree = "<group>"; };
		F45EC68526B340F700115F4D /* MarketDataService.swift */ = {isa = PBXFileReference; lastKnownFileType = sourcecode.swift; path = MarketDataService.swift; sourceTree = "<group>"; };
		F45EC68726B34A8900115F4D /* PortfolioView.swift */ = {isa = PBXFileReference; lastKnownFileType = sourcecode.swift; path = PortfolioView.swift; sourceTree = "<group>"; };
		F45EC68926B34CC200115F4D /* XMarkButton.swift */ = {isa = PBXFileReference; lastKnownFileType = sourcecode.swift; path = XMarkButton.swift; sourceTree = "<group>"; };
		F45EC68B26B3502000115F4D /* CoinLogoView.swift */ = {isa = PBXFileReference; lastKnownFileType = sourcecode.swift; path = CoinLogoView.swift; sourceTree = "<group>"; };
		F45EC68E26B49A0500115F4D /* PortfolioContainer.xcdatamodel */ = {isa = PBXFileReference; lastKnownFileType = wrapper.xcdatamodel; path = PortfolioContainer.xcdatamodel; sourceTree = "<group>"; };
		F45EC69026B49AA000115F4D /* PortfolioDataService.swift */ = {isa = PBXFileReference; lastKnownFileType = sourcecode.swift; path = PortfolioDataService.swift; sourceTree = "<group>"; };
		F45EC69226B5520300115F4D /* HapticManager.swift */ = {isa = PBXFileReference; lastKnownFileType = sourcecode.swift; path = HapticManager.swift; sourceTree = "<group>"; };
		F45F7A4C26EC98400005E851 /* ButtonView.swift */ = {isa = PBXFileReference; lastKnownFileType = sourcecode.swift; path = ButtonView.swift; sourceTree = "<group>"; };
		F45F7A4E26EC9B740005E851 /* SecondaryButtonModifier.swift */ = {isa = PBXFileReference; lastKnownFileType = sourcecode.swift; path = SecondaryButtonModifier.swift; sourceTree = "<group>"; };
		F45F7A5326ECC5E50005E851 /* CommandLine.swift */ = {isa = PBXFileReference; lastKnownFileType = sourcecode.swift; path = CommandLine.swift; sourceTree = "<group>"; };
		F474278C26BB2A5F00D30B8B /* String.swift */ = {isa = PBXFileReference; lastKnownFileType = sourcecode.swift; path = String.swift; sourceTree = "<group>"; };
		F474279026BB318700D30B8B /* SettingsView.swift */ = {isa = PBXFileReference; lastKnownFileType = sourcecode.swift; path = SettingsView.swift; sourceTree = "<group>"; };
		F487CD2126EE64E800209B44 /* HomeViewTests.swift */ = {isa = PBXFileReference; lastKnownFileType = sourcecode.swift; path = HomeViewTests.swift; sourceTree = "<group>"; };
		F487CD2426EE661400209B44 /* XCUIApplication.swift */ = {isa = PBXFileReference; lastKnownFileType = sourcecode.swift; path = XCUIApplication.swift; sourceTree = "<group>"; };
		F487CD2726EE678F00209B44 /* SessionServiceFactory.swift */ = {isa = PBXFileReference; lastKnownFileType = sourcecode.swift; path = SessionServiceFactory.swift; sourceTree = "<group>"; };
		F487CD2926EE67B500209B44 /* TestSessionService.swift */ = {isa = PBXFileReference; lastKnownFileType = sourcecode.swift; path = TestSessionService.swift; sourceTree = "<group>"; };
		F4892B0726B093E600432A5E /* StatistictModel.swift */ = {isa = PBXFileReference; lastKnownFileType = sourcecode.swift; path = StatistictModel.swift; sourceTree = "<group>"; };
		F4892B0926B0956700432A5E /* StatisticView.swift */ = {isa = PBXFileReference; lastKnownFileType = sourcecode.swift; path = StatisticView.swift; sourceTree = "<group>"; };
		F4892B0B26B0990B00432A5E /* HomeStatsView.swift */ = {isa = PBXFileReference; lastKnownFileType = sourcecode.swift; path = HomeStatsView.swift; sourceTree = "<group>"; };
		F4892B0D26B0A26F00432A5E /* MarketDataModel.swift */ = {isa = PBXFileReference; lastKnownFileType = sourcecode.swift; path = MarketDataModel.swift; sourceTree = "<group>"; };
		F48DC88226A72A9D00254A6D /* CoinModel.swift */ = {isa = PBXFileReference; lastKnownFileType = sourcecode.swift; path = CoinModel.swift; sourceTree = "<group>"; };
		F499A0AA26E6928E0027987A /* UserData.swift */ = {isa = PBXFileReference; lastKnownFileType = sourcecode.swift; path = UserData.swift; sourceTree = "<group>"; };
		F49B0DEA26BC74870017841B /* LaunchScreen.storyboard */ = {isa = PBXFileReference; lastKnownFileType = file.storyboard; path = LaunchScreen.storyboard; sourceTree = "<group>"; };
		F49B0DEC26BC77210017841B /* LaunchView.swift */ = {isa = PBXFileReference; lastKnownFileType = sourcecode.swift; path = LaunchView.swift; sourceTree = "<group>"; };
		F49C985526D0095E00143185 /* RegisterViewModel.swift */ = {isa = PBXFileReference; lastKnownFileType = sourcecode.swift; path = RegisterViewModel.swift; sourceTree = "<group>"; };
		F49C985726D0097700143185 /* LoginView.swift */ = {isa = PBXFileReference; lastKnownFileType = sourcecode.swift; path = LoginView.swift; sourceTree = "<group>"; };
		F49C985926D009EA00143185 /* AuthenticationServiceProtocol.swift */ = {isa = PBXFileReference; lastKnownFileType = sourcecode.swift; path = AuthenticationServiceProtocol.swift; sourceTree = "<group>"; };
		F49C985B26D00C3B00143185 /* FirebaseAuthenticationService.swift */ = {isa = PBXFileReference; lastKnownFileType = sourcecode.swift; path = FirebaseAuthenticationService.swift; sourceTree = "<group>"; };
		F49C985D26D01BD900143185 /* GoogleService-Info.plist */ = {isa = PBXFileReference; fileEncoding = 4; lastKnownFileType = text.plist.xml; path = "GoogleService-Info.plist"; sourceTree = "<group>"; };
		F4A6C2B026A75BDC00F7DE33 /* CoinRowView.swift */ = {isa = PBXFileReference; lastKnownFileType = sourcecode.swift; path = CoinRowView.swift; sourceTree = "<group>"; };
		F4A6C2B226A75C9D00F7DE33 /* PreviewProvider.swift */ = {isa = PBXFileReference; lastKnownFileType = sourcecode.swift; path = PreviewProvider.swift; sourceTree = "<group>"; };
		F4A6C2B426A75FD400F7DE33 /* Double.swift */ = {isa = PBXFileReference; lastKnownFileType = sourcecode.swift; path = Double.swift; sourceTree = "<group>"; };
		F4A6C2B626A7666F00F7DE33 /* HomeViewModel.swift */ = {isa = PBXFileReference; lastKnownFileType = sourcecode.swift; path = HomeViewModel.swift; sourceTree = "<group>"; };
		F4B7FF8D26C0188400AE8AFA /* NetworkingManager.swift */ = {isa = PBXFileReference; lastKnownFileType = sourcecode.swift; path = NetworkingManager.swift; sourceTree = "<group>"; };
		F4C583B926B9CC08000BFECA /* ChartView.swift */ = {isa = PBXFileReference; lastKnownFileType = sourcecode.swift; path = ChartView.swift; sourceTree = "<group>"; };
		F4C583BB26B9D24E000BFECA /* Date.swift */ = {isa = PBXFileReference; lastKnownFileType = sourcecode.swift; path = Date.swift; sourceTree = "<group>"; };
		F4C6A48D26D6780000DA7DA0 /* FBLPromises.framework */ = {isa = PBXFileReference; explicitFileType = wrapper.framework; path = FBLPromises.framework; sourceTree = BUILT_PRODUCTS_DIR; };
		F4C85B5B26B887C3009C590A /* CryptoTests.xctest */ = {isa = PBXFileReference; explicitFileType = wrapper.cfbundle; includeInIndex = 0; path = CryptoTests.xctest; sourceTree = BUILT_PRODUCTS_DIR; };
		F4C85B5F26B887C3009C590A /* Info.plist */ = {isa = PBXFileReference; lastKnownFileType = text.plist.xml; path = Info.plist; sourceTree = "<group>"; };
		F4C85B6526B88810009C590A /* CoinModelTests.swift */ = {isa = PBXFileReference; lastKnownFileType = sourcecode.swift; path = CoinModelTests.swift; sourceTree = "<group>"; };
		F4D5F9CE26F28E3200045DE1 /* HomeViewModelTests.swift */ = {isa = PBXFileReference; lastKnownFileType = sourcecode.swift; path = HomeViewModelTests.swift; sourceTree = "<group>"; };
		F4D5F9D126F2918F00045DE1 /* CoinModelHelper.swift */ = {isa = PBXFileReference; lastKnownFileType = sourcecode.swift; path = CoinModelHelper.swift; sourceTree = "<group>"; };
		F4E171D626EA71BC001C5F9F /* SessionUserDetails.swift */ = {isa = PBXFileReference; lastKnownFileType = sourcecode.swift; path = SessionUserDetails.swift; sourceTree = "<group>"; };
		F4E171D826EA72B0001C5F9F /* FirebaseSessionService.swift */ = {isa = PBXFileReference; lastKnownFileType = sourcecode.swift; path = FirebaseSessionService.swift; sourceTree = "<group>"; };
		F4E171DA26EA7A84001C5F9F /* LoginViewModel.swift */ = {isa = PBXFileReference; lastKnownFileType = sourcecode.swift; path = LoginViewModel.swift; sourceTree = "<group>"; };
		F4E171DC26EA82E0001C5F9F /* ForgotPasswordView.swift */ = {isa = PBXFileReference; lastKnownFileType = sourcecode.swift; path = ForgotPasswordView.swift; sourceTree = "<group>"; };
		F4E171DE26EA8421001C5F9F /* ForgotPasswordViewModel.swift */ = {isa = PBXFileReference; lastKnownFileType = sourcecode.swift; path = ForgotPasswordViewModel.swift; sourceTree = "<group>"; };
		F4E171E226EA89B4001C5F9F /* InputTextFieldView.swift */ = {isa = PBXFileReference; lastKnownFileType = sourcecode.swift; path = InputTextFieldView.swift; sourceTree = "<group>"; };
		F4E171E526EA8FFA001C5F9F /* PreviewLayoutComponentModifier.swift */ = {isa = PBXFileReference; lastKnownFileType = sourcecode.swift; path = PreviewLayoutComponentModifier.swift; sourceTree = "<group>"; };
		F4E171E726EA954C001C5F9F /* InputPasswordView.swift */ = {isa = PBXFileReference; lastKnownFileType = sourcecode.swift; path = InputPasswordView.swift; sourceTree = "<group>"; };
		F4E171E926EA95FD001C5F9F /* PrimaryButtonModifier.swift */ = {isa = PBXFileReference; lastKnownFileType = sourcecode.swift; path = PrimaryButtonModifier.swift; sourceTree = "<group>"; };
		F4FD4C6426B591540012C9A7 /* DetailView.swift */ = {isa = PBXFileReference; lastKnownFileType = sourcecode.swift; path = DetailView.swift; sourceTree = "<group>"; };
		FB650ADC660FC80FDD1AEEC9 /* Pods-CryptoTests.release.xcconfig */ = {isa = PBXFileReference; includeInIndex = 1; lastKnownFileType = text.xcconfig; name = "Pods-CryptoTests.release.xcconfig"; path = "Target Support Files/Pods-CryptoTests/Pods-CryptoTests.release.xcconfig"; sourceTree = "<group>"; };
		FD55EAD58C940BCB0CFE41F9 /* Pods_CryptoTests.framework */ = {isa = PBXFileReference; explicitFileType = wrapper.framework; includeInIndex = 0; path = Pods_CryptoTests.framework; sourceTree = BUILT_PRODUCTS_DIR; };
/* End PBXFileReference section */

/* Begin PBXFrameworksBuildPhase section */
		F41B29A726A47B4000D7FD7E /* Frameworks */ = {
			isa = PBXFrameworksBuildPhase;
			buildActionMask = 2147483647;
			files = (
				E991B19B4F4A6C95164FB1E4 /* Pods_Crypto.framework in Frameworks */,
			);
			runOnlyForDeploymentPostprocessing = 0;
		};
		F44F34DB26BEDD4400FBA42A /* Frameworks */ = {
			isa = PBXFrameworksBuildPhase;
			buildActionMask = 2147483647;
			files = (
				562571E01D223F451BFAE335 /* Pods_Crypto_CryptoUITests.framework in Frameworks */,
			);
			runOnlyForDeploymentPostprocessing = 0;
		};
		F4C85B5826B887C3009C590A /* Frameworks */ = {
			isa = PBXFrameworksBuildPhase;
			buildActionMask = 2147483647;
			files = (
				F4C6A48E26D6780000DA7DA0 /* FBLPromises.framework in Frameworks */,
				867CF9E00B9006BEC8DB9680 /* Pods_CryptoTests.framework in Frameworks */,
			);
			runOnlyForDeploymentPostprocessing = 0;
		};
/* End PBXFrameworksBuildPhase section */

/* Begin PBXGroup section */
		9424875FAE2434D7689DD11D /* Pods */ = {
			isa = PBXGroup;
			children = (
				145D9187E2727022E55998DB /* Pods-Crypto.debug.xcconfig */,
				7EEE797E04F2B8714F693B49 /* Pods-Crypto.release.xcconfig */,
				160F572F2C39D3EDC75F3158 /* Pods-Crypto-CryptoUITests.debug.xcconfig */,
				B3485C486E5EC26B66DC8F35 /* Pods-Crypto-CryptoUITests.release.xcconfig */,
				4C896FE26FBDFEB750592C23 /* Pods-CryptoTests.debug.xcconfig */,
				FB650ADC660FC80FDD1AEEC9 /* Pods-CryptoTests.release.xcconfig */,
			);
			path = Pods;
			sourceTree = "<group>";
		};
		F41B29A126A47B4000D7FD7E = {
			isa = PBXGroup;
			children = (
				F49C985D26D01BD900143185 /* GoogleService-Info.plist */,
				F41B29AC26A47B4000D7FD7E /* Crypto */,
				F4C85B5C26B887C3009C590A /* CryptoTests */,
				F44F34DF26BEDD4400FBA42A /* CryptoUITests */,
				F41B29AB26A47B4000D7FD7E /* Products */,
				9424875FAE2434D7689DD11D /* Pods */,
				FEA1C7B8FA823A873492CCB0 /* Frameworks */,
			);
			sourceTree = "<group>";
		};
		F41B29AB26A47B4000D7FD7E /* Products */ = {
			isa = PBXGroup;
			children = (
				F41B29AA26A47B4000D7FD7E /* Crypto.app */,
				F4C85B5B26B887C3009C590A /* CryptoTests.xctest */,
				F44F34DE26BEDD4400FBA42A /* CryptoUITests.xctest */,
			);
			name = Products;
			sourceTree = "<group>";
		};
		F41B29AC26A47B4000D7FD7E /* Crypto */ = {
			isa = PBXGroup;
			children = (
				F45F7A5026ECC5850005E851 /* Helpers */,
				F4E171D426EA719E001C5F9F /* Session */,
				F4FD4C6026B58F0D0012C9A7 /* Core */,
				F438689E26AB5BA20072BA35 /* Utilities */,
				F48DC88126A72A8400254A6D /* Models */,
				F41B29BC26A47B5600D7FD7E /* Extensions */,
				F4482AC026A885CD00F96725 /* Services */,
				F41B29AD26A47B4000D7FD7E /* CryptoApp.swift */,
				F499A0AA26E6928E0027987A /* UserData.swift */,
				F41B29B126A47B4000D7FD7E /* Assets.xcassets */,
				F41B29B626A47B4000D7FD7E /* Info.plist */,
				F41B29B326A47B4000D7FD7E /* Preview Content */,
			);
			path = Crypto;
			sourceTree = "<group>";
		};
		F41B29B326A47B4000D7FD7E /* Preview Content */ = {
			isa = PBXGroup;
			children = (
				F41B29B426A47B4000D7FD7E /* Preview Assets.xcassets */,
			);
			path = "Preview Content";
			sourceTree = "<group>";
		};
		F41B29BC26A47B5600D7FD7E /* Extensions */ = {
			isa = PBXGroup;
			children = (
				F41B29BD26A47C3800D7FD7E /* Color.swift */,
				F4A6C2B226A75C9D00F7DE33 /* PreviewProvider.swift */,
				F4A6C2B426A75FD400F7DE33 /* Double.swift */,
				F403F61526AF1B4700E64D9F /* UIApplication.swift */,
				F4C583BB26B9D24E000BFECA /* Date.swift */,
				F474278C26BB2A5F00D30B8B /* String.swift */,
				F45F7A5326ECC5E50005E851 /* CommandLine.swift */,
			);
			path = Extensions;
			sourceTree = "<group>";
		};
		F41B29BF26A47C4B00D7FD7E /* Home */ = {
			isa = PBXGroup;
			children = (
				F41B29C126A47C5500D7FD7E /* ViewModels */,
				F41B29C026A47C5000D7FD7E /* Views */,
			);
			path = Home;
			sourceTree = "<group>";
		};
		F41B29C026A47C5000D7FD7E /* Views */ = {
			isa = PBXGroup;
			children = (
				F41B29C226A47C6500D7FD7E /* HomeView.swift */,
				F4892B0B26B0990B00432A5E /* HomeStatsView.swift */,
				F4A6C2B026A75BDC00F7DE33 /* CoinRowView.swift */,
				F45EC68726B34A8900115F4D /* PortfolioView.swift */,
			);
			path = Views;
			sourceTree = "<group>";
		};
		F41B29C126A47C5500D7FD7E /* ViewModels */ = {
			isa = PBXGroup;
			children = (
				F4A6C2B626A7666F00F7DE33 /* HomeViewModel.swift */,
			);
			path = ViewModels;
			sourceTree = "<group>";
		};
		F438689E26AB5BA20072BA35 /* Utilities */ = {
			isa = PBXGroup;
			children = (
				F438689F26AB5BE30072BA35 /* NetworkManager.swift */,
				F45AF88626AEDE9E00DF7D1E /* LocalFileManager.swift */,
				F45EC69226B5520300115F4D /* HapticManager.swift */,
				F4B7FF8D26C0188400AE8AFA /* NetworkingManager.swift */,
			);
			path = Utilities;
			sourceTree = "<group>";
		};
		F43868A126AB6CF80072BA35 /* CoinImage */ = {
			isa = PBXGroup;
			children = (
				F43868A226AB6D0C0072BA35 /* CoinImageView.swift */,
				F444EE1626ACB6FE00F6ADA1 /* CoinImageViewModel.swift */,
				F45EC68B26B3502000115F4D /* CoinLogoView.swift */,
			);
			path = CoinImage;
			sourceTree = "<group>";
		};
		F4482AC026A885CD00F96725 /* Services */ = {
			isa = PBXGroup;
			children = (
				F45EC69026B49AA000115F4D /* PortfolioDataService.swift */,
				F4482AC126A8863500F96725 /* CoinDataService.swift */,
				F444EE1426ACB22200F6ADA1 /* CoinImageService.swift */,
				F45EC68526B340F700115F4D /* MarketDataService.swift */,
				F45196AB26B7224D00EF4E35 /* CoinDetailDataService.swift */,
			);
			path = Services;
			sourceTree = "<group>";
		};
		F44F34DF26BEDD4400FBA42A /* CryptoUITests */ = {
			isa = PBXGroup;
			children = (
				F487CD2326EE660B00209B44 /* Extensions */,
				F44F34E026BEDD4500FBA42A /* LoginViewTests.swift */,
				F44F34E226BEDD4500FBA42A /* Info.plist */,
				F487CD2126EE64E800209B44 /* HomeViewTests.swift */,
			);
			path = CryptoUITests;
			sourceTree = "<group>";
		};
		F458683226A6264C007060EA /* Components */ = {
			isa = PBXGroup;
			children = (
				F43868A126AB6CF80072BA35 /* CoinImage */,
				F458683326A62661007060EA /* CircleButton */,
				F403F61326AF151200E64D9F /* SearchBarView.swift */,
				F4892B0926B0956700432A5E /* StatisticView.swift */,
				F45EC68926B34CC200115F4D /* XMarkButton.swift */,
				F4E171E226EA89B4001C5F9F /* InputTextFieldView.swift */,
				F4E171E726EA954C001C5F9F /* InputPasswordView.swift */,
				F45F7A4C26EC98400005E851 /* ButtonView.swift */,
			);
			path = Components;
			sourceTree = "<group>";
		};
		F458683326A62661007060EA /* CircleButton */ = {
			isa = PBXGroup;
			children = (
				F458683426A62672007060EA /* CircleButtonView.swift */,
				F458683626A62B3B007060EA /* CIrcleButtonAnimationView.swift */,
			);
			path = CircleButton;
			sourceTree = "<group>";
		};
		F45C142626EE38CC00DD7074 /* Services */ = {
			isa = PBXGroup;
			children = (
				F49C985926D009EA00143185 /* AuthenticationServiceProtocol.swift */,
				F49C985B26D00C3B00143185 /* FirebaseAuthenticationService.swift */,
				F45C142426EE26AC00DD7074 /* TestAuthenticationService.swift */,
				F45C142726EE38E900DD7074 /* AuthenticationServiceFactory.swift */,
			);
			path = Services;
			sourceTree = "<group>";
		};
		F45F7A5026ECC5850005E851 /* Helpers */ = {
			isa = PBXGroup;
			children = (
			);
			path = Helpers;
			sourceTree = "<group>";
		};
		F474278E26BB317200D30B8B /* Settings */ = {
			isa = PBXGroup;
			children = (
				F474278F26BB317B00D30B8B /* Views */,
			);
			path = Settings;
			sourceTree = "<group>";
		};
		F474278F26BB317B00D30B8B /* Views */ = {
			isa = PBXGroup;
			children = (
				F474279026BB318700D30B8B /* SettingsView.swift */,
			);
			path = Views;
			sourceTree = "<group>";
		};
		F487CD2326EE660B00209B44 /* Extensions */ = {
			isa = PBXGroup;
			children = (
				F487CD2426EE661400209B44 /* XCUIApplication.swift */,
			);
			path = Extensions;
			sourceTree = "<group>";
		};
		F487CD2626EE677E00209B44 /* Services */ = {
			isa = PBXGroup;
			children = (
				F4E171D826EA72B0001C5F9F /* FirebaseSessionService.swift */,
				F487CD2726EE678F00209B44 /* SessionServiceFactory.swift */,
				F487CD2926EE67B500209B44 /* TestSessionService.swift */,
			);
			path = Services;
			sourceTree = "<group>";
		};
		F48DC88126A72A8400254A6D /* Models */ = {
			isa = PBXGroup;
			children = (
				F48DC88226A72A9D00254A6D /* CoinModel.swift */,
				F4892B0726B093E600432A5E /* StatistictModel.swift */,
				F4892B0D26B0A26F00432A5E /* MarketDataModel.swift */,
				F45EC68D26B49A0500115F4D /* PortfolioContainer.xcdatamodeld */,
				F45196A726B71E2900EF4E35 /* CoinDetailModel.swift */,
			);
			path = Models;
			sourceTree = "<group>";
		};
		F49B0DE826BC74710017841B /* Launch */ = {
			isa = PBXGroup;
			children = (
				F49B0DE926BC74790017841B /* Views */,
			);
			path = Launch;
			sourceTree = "<group>";
		};
		F49B0DE926BC74790017841B /* Views */ = {
			isa = PBXGroup;
			children = (
				F49B0DEA26BC74870017841B /* LaunchScreen.storyboard */,
				F49B0DEC26BC77210017841B /* LaunchView.swift */,
			);
			path = Views;
			sourceTree = "<group>";
		};
		F49C985226D008F500143185 /* Auth */ = {
			isa = PBXGroup;
			children = (
				F45C142626EE38CC00DD7074 /* Services */,
				F49C985426D0090500143185 /* ViewModels */,
				F49C985326D0090000143185 /* Views */,
			);
			path = Auth;
			sourceTree = "<group>";
		};
		F49C985326D0090000143185 /* Views */ = {
			isa = PBXGroup;
			children = (
				F49C985726D0097700143185 /* LoginView.swift */,
				F44068D826E7F78700C28050 /* RegisterView.swift */,
				F4E171DC26EA82E0001C5F9F /* ForgotPasswordView.swift */,
			);
			path = Views;
			sourceTree = "<group>";
		};
		F49C985426D0090500143185 /* ViewModels */ = {
			isa = PBXGroup;
			children = (
				F49C985526D0095E00143185 /* RegisterViewModel.swift */,
				F4E171DA26EA7A84001C5F9F /* LoginViewModel.swift */,
				F4E171DE26EA8421001C5F9F /* ForgotPasswordViewModel.swift */,
			);
			path = ViewModels;
			sourceTree = "<group>";
		};
		F4C85B5C26B887C3009C590A /* CryptoTests */ = {
			isa = PBXGroup;
			children = (
				F4D5F9D026F2917B00045DE1 /* Helpers */,
				F44F34D826BED2B800FBA42A /* CoinDataServiceTests.swift */,
				F4C85B6526B88810009C590A /* CoinModelTests.swift */,
				F4C85B5F26B887C3009C590A /* Info.plist */,
				F4D5F9CE26F28E3200045DE1 /* HomeViewModelTests.swift */,
			);
			path = CryptoTests;
			sourceTree = "<group>";
		};
		F4D5F9D026F2917B00045DE1 /* Helpers */ = {
			isa = PBXGroup;
			children = (
				F4D5F9D126F2918F00045DE1 /* CoinModelHelper.swift */,
			);
			path = Helpers;
			sourceTree = "<group>";
		};
		F4E171D426EA719E001C5F9F /* Session */ = {
			isa = PBXGroup;
			children = (
				F487CD2626EE677E00209B44 /* Services */,
				F4E171D526EA71A4001C5F9F /* Model */,
			);
			path = Session;
			sourceTree = "<group>";
		};
		F4E171D526EA71A4001C5F9F /* Model */ = {
			isa = PBXGroup;
			children = (
				F4E171D626EA71BC001C5F9F /* SessionUserDetails.swift */,
			);
			path = Model;
			sourceTree = "<group>";
		};
		F4E171E426EA8FD8001C5F9F /* Modifiers */ = {
			isa = PBXGroup;
			children = (
				F4E171E526EA8FFA001C5F9F /* PreviewLayoutComponentModifier.swift */,
				F4E171E926EA95FD001C5F9F /* PrimaryButtonModifier.swift */,
				F45F7A4E26EC9B740005E851 /* SecondaryButtonModifier.swift */,
			);
			path = Modifiers;
			sourceTree = "<group>";
		};
		F4FD4C6026B58F0D0012C9A7 /* Core */ = {
			isa = PBXGroup;
			children = (
				F4E171E426EA8FD8001C5F9F /* Modifiers */,
				F49C985226D008F500143185 /* Auth */,
				F49B0DE826BC74710017841B /* Launch */,
				F474278E26BB317200D30B8B /* Settings */,
				F4FD4C6126B58F5E0012C9A7 /* Detail */,
				F458683226A6264C007060EA /* Components */,
				F41B29BF26A47C4B00D7FD7E /* Home */,
			);
			path = Core;
			sourceTree = "<group>";
		};
		F4FD4C6126B58F5E0012C9A7 /* Detail */ = {
			isa = PBXGroup;
			children = (
				F4FD4C6326B591350012C9A7 /* ViewModels */,
				F4FD4C6226B5912F0012C9A7 /* Views */,
			);
			path = Detail;
			sourceTree = "<group>";
		};
		F4FD4C6226B5912F0012C9A7 /* Views */ = {
			isa = PBXGroup;
			children = (
				F4FD4C6426B591540012C9A7 /* DetailView.swift */,
				F4C583B926B9CC08000BFECA /* ChartView.swift */,
			);
			path = Views;
			sourceTree = "<group>";
		};
		F4FD4C6326B591350012C9A7 /* ViewModels */ = {
			isa = PBXGroup;
			children = (
				F45196A926B7221E00EF4E35 /* DetailViewModel.swift */,
			);
			path = ViewModels;
			sourceTree = "<group>";
		};
		FEA1C7B8FA823A873492CCB0 /* Frameworks */ = {
			isa = PBXGroup;
			children = (
				F4C6A48D26D6780000DA7DA0 /* FBLPromises.framework */,
				1D84B600D66119D18ACC7D88 /* Pods_Crypto.framework */,
				B485EF1652C5A99CEB4F5EC3 /* Pods_Crypto_CryptoUITests.framework */,
				FD55EAD58C940BCB0CFE41F9 /* Pods_CryptoTests.framework */,
			);
			name = Frameworks;
			sourceTree = "<group>";
		};
/* End PBXGroup section */

/* Begin PBXNativeTarget section */
		F41B29A926A47B4000D7FD7E /* Crypto */ = {
			isa = PBXNativeTarget;
			buildConfigurationList = F41B29B926A47B4000D7FD7E /* Build configuration list for PBXNativeTarget "Crypto" */;
			buildPhases = (
				192CCD4E25E7F6CC967B1BF4 /* [CP] Check Pods Manifest.lock */,
				F41B29A626A47B4000D7FD7E /* Sources */,
				F41B29A726A47B4000D7FD7E /* Frameworks */,
				F41B29A826A47B4000D7FD7E /* Resources */,
				BE584603B333B4F9C137F39A /* [CP] Embed Pods Frameworks */,
			);
			buildRules = (
			);
			dependencies = (
			);
			name = Crypto;
			productName = Crypto;
			productReference = F41B29AA26A47B4000D7FD7E /* Crypto.app */;
			productType = "com.apple.product-type.application";
		};
		F44F34DD26BEDD4400FBA42A /* CryptoUITests */ = {
			isa = PBXNativeTarget;
			buildConfigurationList = F44F34E526BEDD4500FBA42A /* Build configuration list for PBXNativeTarget "CryptoUITests" */;
			buildPhases = (
				259C33421122D6A2A9CF5D70 /* [CP] Check Pods Manifest.lock */,
				F44F34DA26BEDD4400FBA42A /* Sources */,
				F44F34DB26BEDD4400FBA42A /* Frameworks */,
				F44F34DC26BEDD4400FBA42A /* Resources */,
				EE2627A3EBEB435950A71E64 /* [CP] Embed Pods Frameworks */,
			);
			buildRules = (
			);
			dependencies = (
				F44F34E426BEDD4500FBA42A /* PBXTargetDependency */,
			);
			name = CryptoUITests;
			productName = CryptoUITests;
			productReference = F44F34DE26BEDD4400FBA42A /* CryptoUITests.xctest */;
			productType = "com.apple.product-type.bundle.ui-testing";
		};
		F4C85B5A26B887C3009C590A /* CryptoTests */ = {
			isa = PBXNativeTarget;
			buildConfigurationList = F4C85B6426B887C3009C590A /* Build configuration list for PBXNativeTarget "CryptoTests" */;
			buildPhases = (
				31B03D0223E9CD9771281994 /* [CP] Check Pods Manifest.lock */,
				F4C85B5726B887C3009C590A /* Sources */,
				F4C85B5826B887C3009C590A /* Frameworks */,
				F4C85B5926B887C3009C590A /* Resources */,
				1025AB5AF47BF9FD69D5E9CF /* [CP] Embed Pods Frameworks */,
			);
			buildRules = (
			);
			dependencies = (
				F4C85B6126B887C3009C590A /* PBXTargetDependency */,
			);
			name = CryptoTests;
			productName = CryptoTests;
			productReference = F4C85B5B26B887C3009C590A /* CryptoTests.xctest */;
			productType = "com.apple.product-type.bundle.unit-test";
		};
/* End PBXNativeTarget section */

/* Begin PBXProject section */
		F41B29A226A47B4000D7FD7E /* Project object */ = {
			isa = PBXProject;
			attributes = {
				LastSwiftUpdateCheck = 1250;
				LastUpgradeCheck = 1250;
				TargetAttributes = {
					F41B29A926A47B4000D7FD7E = {
						CreatedOnToolsVersion = 12.5.1;
					};
					F44F34DD26BEDD4400FBA42A = {
						CreatedOnToolsVersion = 12.5.1;
						TestTargetID = F41B29A926A47B4000D7FD7E;
					};
					F4C85B5A26B887C3009C590A = {
						CreatedOnToolsVersion = 12.5.1;
					};
				};
			};
			buildConfigurationList = F41B29A526A47B4000D7FD7E /* Build configuration list for PBXProject "Crypto" */;
			compatibilityVersion = "Xcode 9.3";
			developmentRegion = en;
			hasScannedForEncodings = 0;
			knownRegions = (
				en,
				Base,
			);
			mainGroup = F41B29A126A47B4000D7FD7E;
			productRefGroup = F41B29AB26A47B4000D7FD7E /* Products */;
			projectDirPath = "";
			projectRoot = "";
			targets = (
				F41B29A926A47B4000D7FD7E /* Crypto */,
				F4C85B5A26B887C3009C590A /* CryptoTests */,
				F44F34DD26BEDD4400FBA42A /* CryptoUITests */,
			);
		};
/* End PBXProject section */

/* Begin PBXResourcesBuildPhase section */
		F41B29A826A47B4000D7FD7E /* Resources */ = {
			isa = PBXResourcesBuildPhase;
			buildActionMask = 2147483647;
			files = (
				F49B0DEB26BC74870017841B /* LaunchScreen.storyboard in Resources */,
				F49C985E26D01BD900143185 /* GoogleService-Info.plist in Resources */,
				F41B29B526A47B4000D7FD7E /* Preview Assets.xcassets in Resources */,
				F41B29B226A47B4000D7FD7E /* Assets.xcassets in Resources */,
			);
			runOnlyForDeploymentPostprocessing = 0;
		};
		F44F34DC26BEDD4400FBA42A /* Resources */ = {
			isa = PBXResourcesBuildPhase;
			buildActionMask = 2147483647;
			files = (
			);
			runOnlyForDeploymentPostprocessing = 0;
		};
		F4C85B5926B887C3009C590A /* Resources */ = {
			isa = PBXResourcesBuildPhase;
			buildActionMask = 2147483647;
			files = (
			);
			runOnlyForDeploymentPostprocessing = 0;
		};
/* End PBXResourcesBuildPhase section */

/* Begin PBXShellScriptBuildPhase section */
		1025AB5AF47BF9FD69D5E9CF /* [CP] Embed Pods Frameworks */ = {
			isa = PBXShellScriptBuildPhase;
			buildActionMask = 2147483647;
			files = (
			);
			inputFileListPaths = (
				"${PODS_ROOT}/Target Support Files/Pods-CryptoTests/Pods-CryptoTests-frameworks-${CONFIGURATION}-input-files.xcfilelist",
			);
			name = "[CP] Embed Pods Frameworks";
			outputFileListPaths = (
				"${PODS_ROOT}/Target Support Files/Pods-CryptoTests/Pods-CryptoTests-frameworks-${CONFIGURATION}-output-files.xcfilelist",
			);
			runOnlyForDeploymentPostprocessing = 0;
			shellPath = /bin/sh;
			shellScript = "\"${PODS_ROOT}/Target Support Files/Pods-CryptoTests/Pods-CryptoTests-frameworks.sh\"\n";
			showEnvVarsInLog = 0;
		};
		192CCD4E25E7F6CC967B1BF4 /* [CP] Check Pods Manifest.lock */ = {
			isa = PBXShellScriptBuildPhase;
			buildActionMask = 2147483647;
			files = (
			);
			inputFileListPaths = (
			);
			inputPaths = (
				"${PODS_PODFILE_DIR_PATH}/Podfile.lock",
				"${PODS_ROOT}/Manifest.lock",
			);
			name = "[CP] Check Pods Manifest.lock";
			outputFileListPaths = (
			);
			outputPaths = (
				"$(DERIVED_FILE_DIR)/Pods-Crypto-checkManifestLockResult.txt",
			);
			runOnlyForDeploymentPostprocessing = 0;
			shellPath = /bin/sh;
			shellScript = "diff \"${PODS_PODFILE_DIR_PATH}/Podfile.lock\" \"${PODS_ROOT}/Manifest.lock\" > /dev/null\nif [ $? != 0 ] ; then\n    # print error to STDERR\n    echo \"error: The sandbox is not in sync with the Podfile.lock. Run 'pod install' or update your CocoaPods installation.\" >&2\n    exit 1\nfi\n# This output is used by Xcode 'outputs' to avoid re-running this script phase.\necho \"SUCCESS\" > \"${SCRIPT_OUTPUT_FILE_0}\"\n";
			showEnvVarsInLog = 0;
		};
		259C33421122D6A2A9CF5D70 /* [CP] Check Pods Manifest.lock */ = {
			isa = PBXShellScriptBuildPhase;
			buildActionMask = 2147483647;
			files = (
			);
			inputFileListPaths = (
			);
			inputPaths = (
				"${PODS_PODFILE_DIR_PATH}/Podfile.lock",
				"${PODS_ROOT}/Manifest.lock",
			);
			name = "[CP] Check Pods Manifest.lock";
			outputFileListPaths = (
			);
			outputPaths = (
				"$(DERIVED_FILE_DIR)/Pods-Crypto-CryptoUITests-checkManifestLockResult.txt",
			);
			runOnlyForDeploymentPostprocessing = 0;
			shellPath = /bin/sh;
			shellScript = "diff \"${PODS_PODFILE_DIR_PATH}/Podfile.lock\" \"${PODS_ROOT}/Manifest.lock\" > /dev/null\nif [ $? != 0 ] ; then\n    # print error to STDERR\n    echo \"error: The sandbox is not in sync with the Podfile.lock. Run 'pod install' or update your CocoaPods installation.\" >&2\n    exit 1\nfi\n# This output is used by Xcode 'outputs' to avoid re-running this script phase.\necho \"SUCCESS\" > \"${SCRIPT_OUTPUT_FILE_0}\"\n";
			showEnvVarsInLog = 0;
		};
		31B03D0223E9CD9771281994 /* [CP] Check Pods Manifest.lock */ = {
			isa = PBXShellScriptBuildPhase;
			buildActionMask = 2147483647;
			files = (
			);
			inputFileListPaths = (
			);
			inputPaths = (
				"${PODS_PODFILE_DIR_PATH}/Podfile.lock",
				"${PODS_ROOT}/Manifest.lock",
			);
			name = "[CP] Check Pods Manifest.lock";
			outputFileListPaths = (
			);
			outputPaths = (
				"$(DERIVED_FILE_DIR)/Pods-CryptoTests-checkManifestLockResult.txt",
			);
			runOnlyForDeploymentPostprocessing = 0;
			shellPath = /bin/sh;
			shellScript = "diff \"${PODS_PODFILE_DIR_PATH}/Podfile.lock\" \"${PODS_ROOT}/Manifest.lock\" > /dev/null\nif [ $? != 0 ] ; then\n    # print error to STDERR\n    echo \"error: The sandbox is not in sync with the Podfile.lock. Run 'pod install' or update your CocoaPods installation.\" >&2\n    exit 1\nfi\n# This output is used by Xcode 'outputs' to avoid re-running this script phase.\necho \"SUCCESS\" > \"${SCRIPT_OUTPUT_FILE_0}\"\n";
			showEnvVarsInLog = 0;
		};
		BE584603B333B4F9C137F39A /* [CP] Embed Pods Frameworks */ = {
			isa = PBXShellScriptBuildPhase;
			buildActionMask = 2147483647;
			files = (
			);
			inputFileListPaths = (
				"${PODS_ROOT}/Target Support Files/Pods-Crypto/Pods-Crypto-frameworks-${CONFIGURATION}-input-files.xcfilelist",
			);
			name = "[CP] Embed Pods Frameworks";
			outputFileListPaths = (
				"${PODS_ROOT}/Target Support Files/Pods-Crypto/Pods-Crypto-frameworks-${CONFIGURATION}-output-files.xcfilelist",
			);
			runOnlyForDeploymentPostprocessing = 0;
			shellPath = /bin/sh;
			shellScript = "\"${PODS_ROOT}/Target Support Files/Pods-Crypto/Pods-Crypto-frameworks.sh\"\n";
			showEnvVarsInLog = 0;
		};
		EE2627A3EBEB435950A71E64 /* [CP] Embed Pods Frameworks */ = {
			isa = PBXShellScriptBuildPhase;
			buildActionMask = 2147483647;
			files = (
			);
			inputFileListPaths = (
				"${PODS_ROOT}/Target Support Files/Pods-Crypto-CryptoUITests/Pods-Crypto-CryptoUITests-frameworks-${CONFIGURATION}-input-files.xcfilelist",
			);
			name = "[CP] Embed Pods Frameworks";
			outputFileListPaths = (
				"${PODS_ROOT}/Target Support Files/Pods-Crypto-CryptoUITests/Pods-Crypto-CryptoUITests-frameworks-${CONFIGURATION}-output-files.xcfilelist",
			);
			runOnlyForDeploymentPostprocessing = 0;
			shellPath = /bin/sh;
			shellScript = "\"${PODS_ROOT}/Target Support Files/Pods-Crypto-CryptoUITests/Pods-Crypto-CryptoUITests-frameworks.sh\"\n";
			showEnvVarsInLog = 0;
		};
/* End PBXShellScriptBuildPhase section */

/* Begin PBXSourcesBuildPhase section */
		F41B29A626A47B4000D7FD7E /* Sources */ = {
			isa = PBXSourcesBuildPhase;
			buildActionMask = 2147483647;
			files = (
				F45EC68F26B49A0500115F4D /* PortfolioContainer.xcdatamodeld in Sources */,
				F49C985C26D00C3B00143185 /* FirebaseAuthenticationService.swift in Sources */,
				F4482AC226A8863500F96725 /* CoinDataService.swift in Sources */,
				F45196A826B71E2900EF4E35 /* CoinDetailModel.swift in Sources */,
				F4C583BA26B9CC08000BFECA /* ChartView.swift in Sources */,
				F4A6C2B126A75BDC00F7DE33 /* CoinRowView.swift in Sources */,
				F4E171DF26EA8421001C5F9F /* ForgotPasswordViewModel.swift in Sources */,
				F4A6C2B726A7666F00F7DE33 /* HomeViewModel.swift in Sources */,
				F45EC68A26B34CC200115F4D /* XMarkButton.swift in Sources */,
				F4C583BC26B9D24E000BFECA /* Date.swift in Sources */,
				F45AF88726AEDE9E00DF7D1E /* LocalFileManager.swift in Sources */,
				F4892B0826B093E600432A5E /* StatistictModel.swift in Sources */,
				F45F7A4D26EC98400005E851 /* ButtonView.swift in Sources */,
				F4892B0E26B0A26F00432A5E /* MarketDataModel.swift in Sources */,
				F49C985626D0095E00143185 /* RegisterViewModel.swift in Sources */,
				F41B29C326A47C6500D7FD7E /* HomeView.swift in Sources */,
				F4892B0A26B0956700432A5E /* StatisticView.swift in Sources */,
				F45C142526EE26AC00DD7074 /* TestAuthenticationService.swift in Sources */,
				F43868A326AB6D0C0072BA35 /* CoinImageView.swift in Sources */,
				F4E171E326EA89B4001C5F9F /* InputTextFieldView.swift in Sources */,
				F41B29AE26A47B4000D7FD7E /* CryptoApp.swift in Sources */,
				F403F61626AF1B4700E64D9F /* UIApplication.swift in Sources */,
				F4E171E826EA954C001C5F9F /* InputPasswordView.swift in Sources */,
				F458683526A62672007060EA /* CircleButtonView.swift in Sources */,
				F41B29BE26A47C3800D7FD7E /* Color.swift in Sources */,
				F4E171DB26EA7A84001C5F9F /* LoginViewModel.swift in Sources */,
				F45F7A5426ECC5E50005E851 /* CommandLine.swift in Sources */,
				F487CD2826EE678F00209B44 /* SessionServiceFactory.swift in Sources */,
				F4E171D726EA71BC001C5F9F /* SessionUserDetails.swift in Sources */,
				F4E171DD26EA82E0001C5F9F /* ForgotPasswordView.swift in Sources */,
				F4FD4C6526B591540012C9A7 /* DetailView.swift in Sources */,
				F45EC69326B5520300115F4D /* HapticManager.swift in Sources */,
				F403F61426AF151200E64D9F /* SearchBarView.swift in Sources */,
				F4B7FF8E26C0188400AE8AFA /* NetworkingManager.swift in Sources */,
				F4E171EA26EA95FD001C5F9F /* PrimaryButtonModifier.swift in Sources */,
				F45C142826EE38E900DD7074 /* AuthenticationServiceFactory.swift in Sources */,
				F49B0DED26BC77210017841B /* LaunchView.swift in Sources */,
				F43868A026AB5BE30072BA35 /* NetworkManager.swift in Sources */,
				F45EC68C26B3502000115F4D /* CoinLogoView.swift in Sources */,
				F45F7A4F26EC9B740005E851 /* SecondaryButtonModifier.swift in Sources */,
				F4892B0C26B0990B00432A5E /* HomeStatsView.swift in Sources */,
				F45EC68626B340F700115F4D /* MarketDataService.swift in Sources */,
				F458683726A62B3B007060EA /* CIrcleButtonAnimationView.swift in Sources */,
				F474278D26BB2A5F00D30B8B /* String.swift in Sources */,
				F444EE1726ACB6FE00F6ADA1 /* CoinImageViewModel.swift in Sources */,
				F4A6C2B326A75C9D00F7DE33 /* PreviewProvider.swift in Sources */,
				F45EC68826B34A8900115F4D /* PortfolioView.swift in Sources */,
				F4A6C2B526A75FD400F7DE33 /* Double.swift in Sources */,
				F487CD2A26EE67B500209B44 /* TestSessionService.swift in Sources */,
				F444EE1526ACB22200F6ADA1 /* CoinImageService.swift in Sources */,
				F44068D926E7F78700C28050 /* RegisterView.swift in Sources */,
				F48DC88326A72A9D00254A6D /* CoinModel.swift in Sources */,
				F45196AC26B7224D00EF4E35 /* CoinDetailDataService.swift in Sources */,
				F499A0AB26E6928E0027987A /* UserData.swift in Sources */,
				F45196AA26B7221E00EF4E35 /* DetailViewModel.swift in Sources */,
				F49C985826D0097700143185 /* LoginView.swift in Sources */,
				F4E171D926EA72B0001C5F9F /* FirebaseSessionService.swift in Sources */,
				F49C985A26D009EA00143185 /* AuthenticationServiceProtocol.swift in Sources */,
				F4E171E626EA8FFA001C5F9F /* PreviewLayoutComponentModifier.swift in Sources */,
				F45EC69126B49AA000115F4D /* PortfolioDataService.swift in Sources */,
				F474279126BB318700D30B8B /* SettingsView.swift in Sources */,
			);
			runOnlyForDeploymentPostprocessing = 0;
		};
		F44F34DA26BEDD4400FBA42A /* Sources */ = {
			isa = PBXSourcesBuildPhase;
			buildActionMask = 2147483647;
			files = (
				F487CD2226EE64E800209B44 /* HomeViewTests.swift in Sources */,
				F487CD2526EE661400209B44 /* XCUIApplication.swift in Sources */,
				F45F7A5526ECC6880005E851 /* CommandLine.swift in Sources */,
				F44F34E126BEDD4500FBA42A /* LoginViewTests.swift in Sources */,
			);
			runOnlyForDeploymentPostprocessing = 0;
		};
		F4C85B5726B887C3009C590A /* Sources */ = {
			isa = PBXSourcesBuildPhase;
			buildActionMask = 2147483647;
			files = (
				F463C7ED26F3BF2400A6910E /* PortfolioContainer.xcdatamodeld in Sources */,
				F463C7E326F3BE3D00A6910E /* LocalFileManager.swift in Sources */,
				F463C7E426F3BE3D00A6910E /* HapticManager.swift in Sources */,
				F463C7E526F3BE3D00A6910E /* Color.swift in Sources */,
				F463C7E626F3BE3D00A6910E /* PreviewProvider.swift in Sources */,
				F463C7E726F3BE3D00A6910E /* Double.swift in Sources */,
				F463C7E826F3BE3D00A6910E /* Date.swift in Sources */,
				F463C7E926F3BE3D00A6910E /* String.swift in Sources */,
				F463C7EA26F3BE3D00A6910E /* CommandLine.swift in Sources */,
				F463C7EB26F3BE3D00A6910E /* PortfolioDataService.swift in Sources */,
				F463C7EC26F3BE3D00A6910E /* CoinImageService.swift in Sources */,
				F463C7E226F3BDFA00A6910E /* CoinDetailDataService.swift in Sources */,
				F463C7E026F3BDBD00A6910E /* StatistictModel.swift in Sources */,
				F463C7E126F3BDBD00A6910E /* CoinDetailModel.swift in Sources */,
				F463C7DF26F3BD3000A6910E /* MarketDataModel.swift in Sources */,
				F463C7DE26F3AF5500A6910E /* MarketDataService.swift in Sources */,
				F463C7DD26F3AF4D00A6910E /* HomeViewModel.swift in Sources */,
				F4C6A48C26D6779D00DA7DA0 /* AuthenticationServiceProtocol.swift in Sources */,
				F4C6A48B26D6779600DA7DA0 /* RegisterViewModel.swift in Sources */,
				F4D7E47126C19DD7007AB772 /* NetworkManager.swift in Sources */,
				F4D7E46F26C19C78007AB772 /* NetworkingManager.swift in Sources */,
				F4D7E47026C19D76007AB772 /* CoinDataService.swift in Sources */,
				F4D5F9CF26F28E3200045DE1 /* HomeViewModelTests.swift in Sources */,
				F4D7E46E26C19C54007AB772 /* CoinModel.swift in Sources */,
				F44F34D926BED2B800FBA42A /* CoinDataServiceTests.swift in Sources */,
				F4D5F9D226F2918F00045DE1 /* CoinModelHelper.swift in Sources */,
				F4C85B6626B88810009C590A /* CoinModelTests.swift in Sources */,
			);
			runOnlyForDeploymentPostprocessing = 0;
		};
/* End PBXSourcesBuildPhase section */

/* Begin PBXTargetDependency section */
		F44F34E426BEDD4500FBA42A /* PBXTargetDependency */ = {
			isa = PBXTargetDependency;
			target = F41B29A926A47B4000D7FD7E /* Crypto */;
			targetProxy = F44F34E326BEDD4500FBA42A /* PBXContainerItemProxy */;
		};
		F4C85B6126B887C3009C590A /* PBXTargetDependency */ = {
			isa = PBXTargetDependency;
			target = F41B29A926A47B4000D7FD7E /* Crypto */;
			targetProxy = F4C85B6026B887C3009C590A /* PBXContainerItemProxy */;
		};
/* End PBXTargetDependency section */

/* Begin XCBuildConfiguration section */
		F41B29B726A47B4000D7FD7E /* Debug */ = {
			isa = XCBuildConfiguration;
			buildSettings = {
				ALWAYS_SEARCH_USER_PATHS = NO;
				CLANG_ANALYZER_NONNULL = YES;
				CLANG_ANALYZER_NUMBER_OBJECT_CONVERSION = YES_AGGRESSIVE;
				CLANG_CXX_LANGUAGE_STANDARD = "gnu++14";
				CLANG_CXX_LIBRARY = "libc++";
				CLANG_ENABLE_MODULES = YES;
				CLANG_ENABLE_OBJC_ARC = YES;
				CLANG_ENABLE_OBJC_WEAK = YES;
				CLANG_WARN_BLOCK_CAPTURE_AUTORELEASING = YES;
				CLANG_WARN_BOOL_CONVERSION = YES;
				CLANG_WARN_COMMA = YES;
				CLANG_WARN_CONSTANT_CONVERSION = YES;
				CLANG_WARN_DEPRECATED_OBJC_IMPLEMENTATIONS = YES;
				CLANG_WARN_DIRECT_OBJC_ISA_USAGE = YES_ERROR;
				CLANG_WARN_DOCUMENTATION_COMMENTS = YES;
				CLANG_WARN_EMPTY_BODY = YES;
				CLANG_WARN_ENUM_CONVERSION = YES;
				CLANG_WARN_INFINITE_RECURSION = YES;
				CLANG_WARN_INT_CONVERSION = YES;
				CLANG_WARN_NON_LITERAL_NULL_CONVERSION = YES;
				CLANG_WARN_OBJC_IMPLICIT_RETAIN_SELF = YES;
				CLANG_WARN_OBJC_LITERAL_CONVERSION = YES;
				CLANG_WARN_OBJC_ROOT_CLASS = YES_ERROR;
				CLANG_WARN_QUOTED_INCLUDE_IN_FRAMEWORK_HEADER = YES;
				CLANG_WARN_RANGE_LOOP_ANALYSIS = YES;
				CLANG_WARN_STRICT_PROTOTYPES = YES;
				CLANG_WARN_SUSPICIOUS_MOVE = YES;
				CLANG_WARN_UNGUARDED_AVAILABILITY = YES_AGGRESSIVE;
				CLANG_WARN_UNREACHABLE_CODE = YES;
				CLANG_WARN__DUPLICATE_METHOD_MATCH = YES;
				COPY_PHASE_STRIP = NO;
				DEBUG_INFORMATION_FORMAT = dwarf;
				ENABLE_STRICT_OBJC_MSGSEND = YES;
				ENABLE_TESTABILITY = YES;
				GCC_C_LANGUAGE_STANDARD = gnu11;
				GCC_DYNAMIC_NO_PIC = NO;
				GCC_NO_COMMON_BLOCKS = YES;
				GCC_OPTIMIZATION_LEVEL = 0;
				GCC_PREPROCESSOR_DEFINITIONS = (
					"DEBUG=1",
					"$(inherited)",
				);
				GCC_WARN_64_TO_32_BIT_CONVERSION = YES;
				GCC_WARN_ABOUT_RETURN_TYPE = YES_ERROR;
				GCC_WARN_UNDECLARED_SELECTOR = YES;
				GCC_WARN_UNINITIALIZED_AUTOS = YES_AGGRESSIVE;
				GCC_WARN_UNUSED_FUNCTION = YES;
				GCC_WARN_UNUSED_VARIABLE = YES;
				IPHONEOS_DEPLOYMENT_TARGET = 14.5;
				MTL_ENABLE_DEBUG_INFO = INCLUDE_SOURCE;
				MTL_FAST_MATH = YES;
				ONLY_ACTIVE_ARCH = YES;
				SDKROOT = iphoneos;
				SWIFT_ACTIVE_COMPILATION_CONDITIONS = DEBUG;
				SWIFT_OPTIMIZATION_LEVEL = "-Onone";
			};
			name = Debug;
		};
		F41B29B826A47B4000D7FD7E /* Release */ = {
			isa = XCBuildConfiguration;
			buildSettings = {
				ALWAYS_SEARCH_USER_PATHS = NO;
				CLANG_ANALYZER_NONNULL = YES;
				CLANG_ANALYZER_NUMBER_OBJECT_CONVERSION = YES_AGGRESSIVE;
				CLANG_CXX_LANGUAGE_STANDARD = "gnu++14";
				CLANG_CXX_LIBRARY = "libc++";
				CLANG_ENABLE_MODULES = YES;
				CLANG_ENABLE_OBJC_ARC = YES;
				CLANG_ENABLE_OBJC_WEAK = YES;
				CLANG_WARN_BLOCK_CAPTURE_AUTORELEASING = YES;
				CLANG_WARN_BOOL_CONVERSION = YES;
				CLANG_WARN_COMMA = YES;
				CLANG_WARN_CONSTANT_CONVERSION = YES;
				CLANG_WARN_DEPRECATED_OBJC_IMPLEMENTATIONS = YES;
				CLANG_WARN_DIRECT_OBJC_ISA_USAGE = YES_ERROR;
				CLANG_WARN_DOCUMENTATION_COMMENTS = YES;
				CLANG_WARN_EMPTY_BODY = YES;
				CLANG_WARN_ENUM_CONVERSION = YES;
				CLANG_WARN_INFINITE_RECURSION = YES;
				CLANG_WARN_INT_CONVERSION = YES;
				CLANG_WARN_NON_LITERAL_NULL_CONVERSION = YES;
				CLANG_WARN_OBJC_IMPLICIT_RETAIN_SELF = YES;
				CLANG_WARN_OBJC_LITERAL_CONVERSION = YES;
				CLANG_WARN_OBJC_ROOT_CLASS = YES_ERROR;
				CLANG_WARN_QUOTED_INCLUDE_IN_FRAMEWORK_HEADER = YES;
				CLANG_WARN_RANGE_LOOP_ANALYSIS = YES;
				CLANG_WARN_STRICT_PROTOTYPES = YES;
				CLANG_WARN_SUSPICIOUS_MOVE = YES;
				CLANG_WARN_UNGUARDED_AVAILABILITY = YES_AGGRESSIVE;
				CLANG_WARN_UNREACHABLE_CODE = YES;
				CLANG_WARN__DUPLICATE_METHOD_MATCH = YES;
				COPY_PHASE_STRIP = NO;
				DEBUG_INFORMATION_FORMAT = "dwarf-with-dsym";
				ENABLE_NS_ASSERTIONS = NO;
				ENABLE_STRICT_OBJC_MSGSEND = YES;
				GCC_C_LANGUAGE_STANDARD = gnu11;
				GCC_NO_COMMON_BLOCKS = YES;
				GCC_WARN_64_TO_32_BIT_CONVERSION = YES;
				GCC_WARN_ABOUT_RETURN_TYPE = YES_ERROR;
				GCC_WARN_UNDECLARED_SELECTOR = YES;
				GCC_WARN_UNINITIALIZED_AUTOS = YES_AGGRESSIVE;
				GCC_WARN_UNUSED_FUNCTION = YES;
				GCC_WARN_UNUSED_VARIABLE = YES;
				IPHONEOS_DEPLOYMENT_TARGET = 14.5;
				MTL_ENABLE_DEBUG_INFO = NO;
				MTL_FAST_MATH = YES;
				SDKROOT = iphoneos;
				SWIFT_COMPILATION_MODE = wholemodule;
				SWIFT_OPTIMIZATION_LEVEL = "-O";
				VALIDATE_PRODUCT = YES;
			};
			name = Release;
		};
		F41B29BA26A47B4000D7FD7E /* Debug */ = {
			isa = XCBuildConfiguration;
			baseConfigurationReference = 145D9187E2727022E55998DB /* Pods-Crypto.debug.xcconfig */;
			buildSettings = {
				ASSETCATALOG_COMPILER_APPICON_NAME = AppIcon;
				ASSETCATALOG_COMPILER_GLOBAL_ACCENT_COLOR_NAME = AccentColor;
				CODE_SIGN_IDENTITY = "Apple Development";
				CODE_SIGN_STYLE = Automatic;
				DEVELOPMENT_ASSET_PATHS = "\"Crypto/Preview Content\"";
				DEVELOPMENT_TEAM = TGTKLDS83Q;
				ENABLE_PREVIEWS = YES;
				INFOPLIST_FILE = Crypto/Info.plist;
				IPHONEOS_DEPLOYMENT_TARGET = 15.0;
				LD_RUNPATH_SEARCH_PATHS = (
					"$(inherited)",
					"@executable_path/Frameworks",
				);
				PRODUCT_BUNDLE_IDENTIFIER = com.lukasz.Crypto;
				PRODUCT_NAME = "$(TARGET_NAME)";
				PROVISIONING_PROFILE_SPECIFIER = "";
				SWIFT_VERSION = 5.0;
				TARGETED_DEVICE_FAMILY = "1,2";
			};
			name = Debug;
		};
		F41B29BB26A47B4000D7FD7E /* Release */ = {
			isa = XCBuildConfiguration;
			baseConfigurationReference = 7EEE797E04F2B8714F693B49 /* Pods-Crypto.release.xcconfig */;
			buildSettings = {
				ASSETCATALOG_COMPILER_APPICON_NAME = AppIcon;
				ASSETCATALOG_COMPILER_GLOBAL_ACCENT_COLOR_NAME = AccentColor;
				CODE_SIGN_IDENTITY = "Apple Development";
				CODE_SIGN_STYLE = Automatic;
				DEVELOPMENT_ASSET_PATHS = "\"Crypto/Preview Content\"";
				DEVELOPMENT_TEAM = TGTKLDS83Q;
				ENABLE_PREVIEWS = YES;
				INFOPLIST_FILE = Crypto/Info.plist;
				IPHONEOS_DEPLOYMENT_TARGET = 15.0;
				LD_RUNPATH_SEARCH_PATHS = (
					"$(inherited)",
					"@executable_path/Frameworks",
				);
				PRODUCT_BUNDLE_IDENTIFIER = com.lukasz.Crypto;
				PRODUCT_NAME = "$(TARGET_NAME)";
				PROVISIONING_PROFILE_SPECIFIER = "";
				SWIFT_VERSION = 5.0;
				TARGETED_DEVICE_FAMILY = "1,2";
			};
			name = Release;
		};
		F44F34E626BEDD4500FBA42A /* Debug */ = {
			isa = XCBuildConfiguration;
			baseConfigurationReference = 160F572F2C39D3EDC75F3158 /* Pods-Crypto-CryptoUITests.debug.xcconfig */;
			buildSettings = {
				CODE_SIGN_STYLE = Automatic;
				INFOPLIST_FILE = CryptoUITests/Info.plist;
				LD_RUNPATH_SEARCH_PATHS = (
					"$(inherited)",
					"@executable_path/Frameworks",
					"@loader_path/Frameworks",
				);
				PRODUCT_BUNDLE_IDENTIFIER = com.lukasz.CryptoUITests;
				PRODUCT_NAME = "$(TARGET_NAME)";
				SWIFT_VERSION = 5.0;
				TARGETED_DEVICE_FAMILY = "1,2";
				TEST_TARGET_NAME = Crypto;
			};
			name = Debug;
		};
		F44F34E726BEDD4500FBA42A /* Release */ = {
			isa = XCBuildConfiguration;
			baseConfigurationReference = B3485C486E5EC26B66DC8F35 /* Pods-Crypto-CryptoUITests.release.xcconfig */;
			buildSettings = {
				CODE_SIGN_STYLE = Automatic;
				INFOPLIST_FILE = CryptoUITests/Info.plist;
				LD_RUNPATH_SEARCH_PATHS = (
					"$(inherited)",
					"@executable_path/Frameworks",
					"@loader_path/Frameworks",
				);
				PRODUCT_BUNDLE_IDENTIFIER = com.lukasz.CryptoUITests;
				PRODUCT_NAME = "$(TARGET_NAME)";
				SWIFT_VERSION = 5.0;
				TARGETED_DEVICE_FAMILY = "1,2";
				TEST_TARGET_NAME = Crypto;
			};
			name = Release;
		};
		F4C85B6226B887C3009C590A /* Debug */ = {
			isa = XCBuildConfiguration;
			baseConfigurationReference = 4C896FE26FBDFEB750592C23 /* Pods-CryptoTests.debug.xcconfig */;
			buildSettings = {
				CODE_SIGN_STYLE = Automatic;
				INFOPLIST_FILE = CryptoTests/Info.plist;
				LD_RUNPATH_SEARCH_PATHS = (
					"$(inherited)",
					"@executable_path/Frameworks",
					"@loader_path/Frameworks",
				);
				PRODUCT_BUNDLE_IDENTIFIER = com.lukasz.CryptoTests;
				PRODUCT_NAME = "$(TARGET_NAME)";
				SWIFT_VERSION = 5.0;
				TARGETED_DEVICE_FAMILY = "1,2";
			};
			name = Debug;
		};
		F4C85B6326B887C3009C590A /* Release */ = {
			isa = XCBuildConfiguration;
			baseConfigurationReference = FB650ADC660FC80FDD1AEEC9 /* Pods-CryptoTests.release.xcconfig */;
			buildSettings = {
				CODE_SIGN_STYLE = Automatic;
				INFOPLIST_FILE = CryptoTests/Info.plist;
				LD_RUNPATH_SEARCH_PATHS = (
					"$(inherited)",
					"@executable_path/Frameworks",
					"@loader_path/Frameworks",
				);
				PRODUCT_BUNDLE_IDENTIFIER = com.lukasz.CryptoTests;
				PRODUCT_NAME = "$(TARGET_NAME)";
				SWIFT_VERSION = 5.0;
				TARGETED_DEVICE_FAMILY = "1,2";
			};
			name = Release;
		};
/* End XCBuildConfiguration section */

/* Begin XCConfigurationList section */
		F41B29A526A47B4000D7FD7E /* Build configuration list for PBXProject "Crypto" */ = {
			isa = XCConfigurationList;
			buildConfigurations = (
				F41B29B726A47B4000D7FD7E /* Debug */,
				F41B29B826A47B4000D7FD7E /* Release */,
			);
			defaultConfigurationIsVisible = 0;
			defaultConfigurationName = Release;
		};
		F41B29B926A47B4000D7FD7E /* Build configuration list for PBXNativeTarget "Crypto" */ = {
			isa = XCConfigurationList;
			buildConfigurations = (
				F41B29BA26A47B4000D7FD7E /* Debug */,
				F41B29BB26A47B4000D7FD7E /* Release */,
			);
			defaultConfigurationIsVisible = 0;
			defaultConfigurationName = Release;
		};
		F44F34E526BEDD4500FBA42A /* Build configuration list for PBXNativeTarget "CryptoUITests" */ = {
			isa = XCConfigurationList;
			buildConfigurations = (
				F44F34E626BEDD4500FBA42A /* Debug */,
				F44F34E726BEDD4500FBA42A /* Release */,
			);
			defaultConfigurationIsVisible = 0;
			defaultConfigurationName = Release;
		};
		F4C85B6426B887C3009C590A /* Build configuration list for PBXNativeTarget "CryptoTests" */ = {
			isa = XCConfigurationList;
			buildConfigurations = (
				F4C85B6226B887C3009C590A /* Debug */,
				F4C85B6326B887C3009C590A /* Release */,
			);
			defaultConfigurationIsVisible = 0;
			defaultConfigurationName = Release;
		};
/* End XCConfigurationList section */

/* Begin XCVersionGroup section */
		F45EC68D26B49A0500115F4D /* PortfolioContainer.xcdatamodeld */ = {
			isa = XCVersionGroup;
			children = (
				F45EC68E26B49A0500115F4D /* PortfolioContainer.xcdatamodel */,
			);
			currentVersion = F45EC68E26B49A0500115F4D /* PortfolioContainer.xcdatamodel */;
			path = PortfolioContainer.xcdatamodeld;
			sourceTree = "<group>";
			versionGroupType = wrapper.xcdatamodel;
		};
/* End XCVersionGroup section */
	};
	rootObject = F41B29A226A47B4000D7FD7E /* Project object */;
}
