// !$*UTF8*$!
{
	archiveVersion = 1;
	classes = {
	};
	objectVersion = 50;
	objects = {

/* Begin PBXBuildFile section */
		F403F61426AF151200E64D9F /* SearchBarView.swift in Sources */ = {isa = PBXBuildFile; fileRef = F403F61326AF151200E64D9F /* SearchBarView.swift */; };
		F403F61626AF1B4700E64D9F /* UIApplication.swift in Sources */ = {isa = PBXBuildFile; fileRef = F403F61526AF1B4700E64D9F /* UIApplication.swift */; };
		F41B29AE26A47B4000D7FD7E /* CryptoApp.swift in Sources */ = {isa = PBXBuildFile; fileRef = F41B29AD26A47B4000D7FD7E /* CryptoApp.swift */; };
		F41B29B226A47B4000D7FD7E /* Assets.xcassets in Resources */ = {isa = PBXBuildFile; fileRef = F41B29B126A47B4000D7FD7E /* Assets.xcassets */; };
		F41B29B526A47B4000D7FD7E /* Preview Assets.xcassets in Resources */ = {isa = PBXBuildFile; fileRef = F41B29B426A47B4000D7FD7E /* Preview Assets.xcassets */; };
		F41B29BE26A47C3800D7FD7E /* Color.swift in Sources */ = {isa = PBXBuildFile; fileRef = F41B29BD26A47C3800D7FD7E /* Color.swift */; };
		F41B29C326A47C6500D7FD7E /* HomeView.swift in Sources */ = {isa = PBXBuildFile; fileRef = F41B29C226A47C6500D7FD7E /* HomeView.swift */; };
		F43868A026AB5BE30072BA35 /* NetworkManager.swift in Sources */ = {isa = PBXBuildFile; fileRef = F438689F26AB5BE30072BA35 /* NetworkManager.swift */; };
		F43868A326AB6D0C0072BA35 /* CoinImageView.swift in Sources */ = {isa = PBXBuildFile; fileRef = F43868A226AB6D0C0072BA35 /* CoinImageView.swift */; };
		F444EE1526ACB22200F6ADA1 /* CoinImageService.swift in Sources */ = {isa = PBXBuildFile; fileRef = F444EE1426ACB22200F6ADA1 /* CoinImageService.swift */; };
		F444EE1726ACB6FE00F6ADA1 /* CoinImageViewModel.swift in Sources */ = {isa = PBXBuildFile; fileRef = F444EE1626ACB6FE00F6ADA1 /* CoinImageViewModel.swift */; };
		F4482AC226A8863500F96725 /* CoinDataService.swift in Sources */ = {isa = PBXBuildFile; fileRef = F4482AC126A8863500F96725 /* CoinDataService.swift */; };
		F44F34D926BED2B800FBA42A /* CoinDataServiceTests.swift in Sources */ = {isa = PBXBuildFile; fileRef = F44F34D826BED2B800FBA42A /* CoinDataServiceTests.swift */; };
		F44F34E126BEDD4500FBA42A /* CryptoUITests.swift in Sources */ = {isa = PBXBuildFile; fileRef = F44F34E026BEDD4500FBA42A /* CryptoUITests.swift */; };
		F45196A826B71E2900EF4E35 /* CoinDetailModel.swift in Sources */ = {isa = PBXBuildFile; fileRef = F45196A726B71E2900EF4E35 /* CoinDetailModel.swift */; };
		F45196AA26B7221E00EF4E35 /* DetailViewModel.swift in Sources */ = {isa = PBXBuildFile; fileRef = F45196A926B7221E00EF4E35 /* DetailViewModel.swift */; };
		F45196AC26B7224D00EF4E35 /* CoinDetailDataService.swift in Sources */ = {isa = PBXBuildFile; fileRef = F45196AB26B7224D00EF4E35 /* CoinDetailDataService.swift */; };
		F458683526A62672007060EA /* CircleButtonView.swift in Sources */ = {isa = PBXBuildFile; fileRef = F458683426A62672007060EA /* CircleButtonView.swift */; };
		F458683726A62B3B007060EA /* CIrcleButtonAnimationView.swift in Sources */ = {isa = PBXBuildFile; fileRef = F458683626A62B3B007060EA /* CIrcleButtonAnimationView.swift */; };
		F45AF88726AEDE9E00DF7D1E /* LocalFileManager.swift in Sources */ = {isa = PBXBuildFile; fileRef = F45AF88626AEDE9E00DF7D1E /* LocalFileManager.swift */; };
		F45EC68626B340F700115F4D /* MarketDataService.swift in Sources */ = {isa = PBXBuildFile; fileRef = F45EC68526B340F700115F4D /* MarketDataService.swift */; };
		F45EC68826B34A8900115F4D /* PortfolioView.swift in Sources */ = {isa = PBXBuildFile; fileRef = F45EC68726B34A8900115F4D /* PortfolioView.swift */; };
		F45EC68A26B34CC200115F4D /* XMarkButton.swift in Sources */ = {isa = PBXBuildFile; fileRef = F45EC68926B34CC200115F4D /* XMarkButton.swift */; };
		F45EC68C26B3502000115F4D /* CoinLogoView.swift in Sources */ = {isa = PBXBuildFile; fileRef = F45EC68B26B3502000115F4D /* CoinLogoView.swift */; };
		F45EC68F26B49A0500115F4D /* PortfolioContainer.xcdatamodeld in Sources */ = {isa = PBXBuildFile; fileRef = F45EC68D26B49A0500115F4D /* PortfolioContainer.xcdatamodeld */; };
		F45EC69126B49AA000115F4D /* PortfolioDataService.swift in Sources */ = {isa = PBXBuildFile; fileRef = F45EC69026B49AA000115F4D /* PortfolioDataService.swift */; };
		F45EC69326B5520300115F4D /* HapticManager.swift in Sources */ = {isa = PBXBuildFile; fileRef = F45EC69226B5520300115F4D /* HapticManager.swift */; };
		F474278D26BB2A5F00D30B8B /* String.swift in Sources */ = {isa = PBXBuildFile; fileRef = F474278C26BB2A5F00D30B8B /* String.swift */; };
		F474279126BB318700D30B8B /* SettingsView.swift in Sources */ = {isa = PBXBuildFile; fileRef = F474279026BB318700D30B8B /* SettingsView.swift */; };
		F4892B0826B093E600432A5E /* StatistictModel.swift in Sources */ = {isa = PBXBuildFile; fileRef = F4892B0726B093E600432A5E /* StatistictModel.swift */; };
		F4892B0A26B0956700432A5E /* StatisticView.swift in Sources */ = {isa = PBXBuildFile; fileRef = F4892B0926B0956700432A5E /* StatisticView.swift */; };
		F4892B0C26B0990B00432A5E /* HomeStatsView.swift in Sources */ = {isa = PBXBuildFile; fileRef = F4892B0B26B0990B00432A5E /* HomeStatsView.swift */; };
		F4892B0E26B0A26F00432A5E /* MarketDataModel.swift in Sources */ = {isa = PBXBuildFile; fileRef = F4892B0D26B0A26F00432A5E /* MarketDataModel.swift */; };
		F48DC88326A72A9D00254A6D /* CoinModel.swift in Sources */ = {isa = PBXBuildFile; fileRef = F48DC88226A72A9D00254A6D /* CoinModel.swift */; };
		F49B0DEB26BC74870017841B /* LaunchScreen.storyboard in Resources */ = {isa = PBXBuildFile; fileRef = F49B0DEA26BC74870017841B /* LaunchScreen.storyboard */; };
		F49B0DED26BC77210017841B /* LaunchView.swift in Sources */ = {isa = PBXBuildFile; fileRef = F49B0DEC26BC77210017841B /* LaunchView.swift */; };
		F4A6C2B126A75BDC00F7DE33 /* CoinRowView.swift in Sources */ = {isa = PBXBuildFile; fileRef = F4A6C2B026A75BDC00F7DE33 /* CoinRowView.swift */; };
		F4A6C2B326A75C9D00F7DE33 /* PreviewProvider.swift in Sources */ = {isa = PBXBuildFile; fileRef = F4A6C2B226A75C9D00F7DE33 /* PreviewProvider.swift */; };
		F4A6C2B526A75FD400F7DE33 /* Double.swift in Sources */ = {isa = PBXBuildFile; fileRef = F4A6C2B426A75FD400F7DE33 /* Double.swift */; };
		F4A6C2B726A7666F00F7DE33 /* HomeViewModel.swift in Sources */ = {isa = PBXBuildFile; fileRef = F4A6C2B626A7666F00F7DE33 /* HomeViewModel.swift */; };
		F4B7FF8E26C0188400AE8AFA /* NetworkingManager.swift in Sources */ = {isa = PBXBuildFile; fileRef = F4B7FF8D26C0188400AE8AFA /* NetworkingManager.swift */; };
		F4C583BA26B9CC08000BFECA /* ChartView.swift in Sources */ = {isa = PBXBuildFile; fileRef = F4C583B926B9CC08000BFECA /* ChartView.swift */; };
		F4C583BC26B9D24E000BFECA /* Date.swift in Sources */ = {isa = PBXBuildFile; fileRef = F4C583BB26B9D24E000BFECA /* Date.swift */; };
		F4C85B5E26B887C3009C590A /* CryptoTests.swift in Sources */ = {isa = PBXBuildFile; fileRef = F4C85B5D26B887C3009C590A /* CryptoTests.swift */; };
		F4C85B6626B88810009C590A /* CoinModelTests.swift in Sources */ = {isa = PBXBuildFile; fileRef = F4C85B6526B88810009C590A /* CoinModelTests.swift */; };
		F4D7E46E26C19C54007AB772 /* CoinModel.swift in Sources */ = {isa = PBXBuildFile; fileRef = F48DC88226A72A9D00254A6D /* CoinModel.swift */; };
		F4D7E46F26C19C78007AB772 /* NetworkingManager.swift in Sources */ = {isa = PBXBuildFile; fileRef = F4B7FF8D26C0188400AE8AFA /* NetworkingManager.swift */; };
		F4D7E47026C19D76007AB772 /* CoinDataService.swift in Sources */ = {isa = PBXBuildFile; fileRef = F4482AC126A8863500F96725 /* CoinDataService.swift */; };
		F4D7E47126C19DD7007AB772 /* NetworkManager.swift in Sources */ = {isa = PBXBuildFile; fileRef = F438689F26AB5BE30072BA35 /* NetworkManager.swift */; };
		F4FD4C6526B591540012C9A7 /* DetailView.swift in Sources */ = {isa = PBXBuildFile; fileRef = F4FD4C6426B591540012C9A7 /* DetailView.swift */; };
/* End PBXBuildFile section */

/* Begin PBXContainerItemProxy section */
		F44F34E326BEDD4500FBA42A /* PBXContainerItemProxy */ = {
			isa = PBXContainerItemProxy;
			containerPortal = F41B29A226A47B4000D7FD7E /* Project object */;
			proxyType = 1;
			remoteGlobalIDString = F41B29A926A47B4000D7FD7E;
			remoteInfo = Crypto;
		};
		F4C85B6026B887C3009C590A /* PBXContainerItemProxy */ = {
			isa = PBXContainerItemProxy;
			containerPortal = F41B29A226A47B4000D7FD7E /* Project object */;
			proxyType = 1;
			remoteGlobalIDString = F41B29A926A47B4000D7FD7E;
			remoteInfo = Crypto;
		};
/* End PBXContainerItemProxy section */

/* Begin PBXFileReference section */
		F403F61326AF151200E64D9F /* SearchBarView.swift */ = {isa = PBXFileReference; lastKnownFileType = sourcecode.swift; path = SearchBarView.swift; sourceTree = "<group>"; };
		F403F61526AF1B4700E64D9F /* UIApplication.swift */ = {isa = PBXFileReference; lastKnownFileType = sourcecode.swift; path = UIApplication.swift; sourceTree = "<group>"; };
		F41B29AA26A47B4000D7FD7E /* Crypto.app */ = {isa = PBXFileReference; explicitFileType = wrapper.application; includeInIndex = 0; path = Crypto.app; sourceTree = BUILT_PRODUCTS_DIR; };
		F41B29AD26A47B4000D7FD7E /* CryptoApp.swift */ = {isa = PBXFileReference; lastKnownFileType = sourcecode.swift; path = CryptoApp.swift; sourceTree = "<group>"; };
		F41B29B126A47B4000D7FD7E /* Assets.xcassets */ = {isa = PBXFileReference; lastKnownFileType = folder.assetcatalog; path = Assets.xcassets; sourceTree = "<group>"; };
		F41B29B426A47B4000D7FD7E /* Preview Assets.xcassets */ = {isa = PBXFileReference; lastKnownFileType = folder.assetcatalog; path = "Preview Assets.xcassets"; sourceTree = "<group>"; };
		F41B29B626A47B4000D7FD7E /* Info.plist */ = {isa = PBXFileReference; lastKnownFileType = text.plist.xml; path = Info.plist; sourceTree = "<group>"; };
		F41B29BD26A47C3800D7FD7E /* Color.swift */ = {isa = PBXFileReference; fileEncoding = 4; lastKnownFileType = sourcecode.swift; path = Color.swift; sourceTree = "<group>"; };
		F41B29C226A47C6500D7FD7E /* HomeView.swift */ = {isa = PBXFileReference; lastKnownFileType = sourcecode.swift; path = HomeView.swift; sourceTree = "<group>"; };
		F438689F26AB5BE30072BA35 /* NetworkManager.swift */ = {isa = PBXFileReference; lastKnownFileType = sourcecode.swift; path = NetworkManager.swift; sourceTree = "<group>"; };
		F43868A226AB6D0C0072BA35 /* CoinImageView.swift */ = {isa = PBXFileReference; lastKnownFileType = sourcecode.swift; path = CoinImageView.swift; sourceTree = "<group>"; };
		F444EE1426ACB22200F6ADA1 /* CoinImageService.swift */ = {isa = PBXFileReference; lastKnownFileType = sourcecode.swift; path = CoinImageService.swift; sourceTree = "<group>"; };
		F444EE1626ACB6FE00F6ADA1 /* CoinImageViewModel.swift */ = {isa = PBXFileReference; lastKnownFileType = sourcecode.swift; path = CoinImageViewModel.swift; sourceTree = "<group>"; };
		F4482AC126A8863500F96725 /* CoinDataService.swift */ = {isa = PBXFileReference; lastKnownFileType = sourcecode.swift; path = CoinDataService.swift; sourceTree = "<group>"; };
		F44F34D826BED2B800FBA42A /* CoinDataServiceTests.swift */ = {isa = PBXFileReference; lastKnownFileType = sourcecode.swift; path = CoinDataServiceTests.swift; sourceTree = "<group>"; };
		F44F34DE26BEDD4400FBA42A /* CryptoUITests.xctest */ = {isa = PBXFileReference; explicitFileType = wrapper.cfbundle; includeInIndex = 0; path = CryptoUITests.xctest; sourceTree = BUILT_PRODUCTS_DIR; };
		F44F34E026BEDD4500FBA42A /* CryptoUITests.swift */ = {isa = PBXFileReference; lastKnownFileType = sourcecode.swift; path = CryptoUITests.swift; sourceTree = "<group>"; };
		F44F34E226BEDD4500FBA42A /* Info.plist */ = {isa = PBXFileReference; lastKnownFileType = text.plist.xml; path = Info.plist; sourceTree = "<group>"; };
		F45196A726B71E2900EF4E35 /* CoinDetailModel.swift */ = {isa = PBXFileReference; lastKnownFileType = sourcecode.swift; path = CoinDetailModel.swift; sourceTree = "<group>"; };
		F45196A926B7221E00EF4E35 /* DetailViewModel.swift */ = {isa = PBXFileReference; lastKnownFileType = sourcecode.swift; path = DetailViewModel.swift; sourceTree = "<group>"; };
		F45196AB26B7224D00EF4E35 /* CoinDetailDataService.swift */ = {isa = PBXFileReference; lastKnownFileType = sourcecode.swift; path = CoinDetailDataService.swift; sourceTree = "<group>"; };
		F458683426A62672007060EA /* CircleButtonView.swift */ = {isa = PBXFileReference; lastKnownFileType = sourcecode.swift; path = CircleButtonView.swift; sourceTree = "<group>"; };
		F458683626A62B3B007060EA /* CIrcleButtonAnimationView.swift */ = {isa = PBXFileReference; lastKnownFileType = sourcecode.swift; path = CIrcleButtonAnimationView.swift; sourceTree = "<group>"; };
		F45AF88626AEDE9E00DF7D1E /* LocalFileManager.swift */ = {isa = PBXFileReference; lastKnownFileType = sourcecode.swift; path = LocalFileManager.swift; sourceTree = "<group>"; };
		F45EC68526B340F700115F4D /* MarketDataService.swift */ = {isa = PBXFileReference; lastKnownFileType = sourcecode.swift; path = MarketDataService.swift; sourceTree = "<group>"; };
		F45EC68726B34A8900115F4D /* PortfolioView.swift */ = {isa = PBXFileReference; lastKnownFileType = sourcecode.swift; path = PortfolioView.swift; sourceTree = "<group>"; };
		F45EC68926B34CC200115F4D /* XMarkButton.swift */ = {isa = PBXFileReference; lastKnownFileType = sourcecode.swift; path = XMarkButton.swift; sourceTree = "<group>"; };
		F45EC68B26B3502000115F4D /* CoinLogoView.swift */ = {isa = PBXFileReference; lastKnownFileType = sourcecode.swift; path = CoinLogoView.swift; sourceTree = "<group>"; };
		F45EC68E26B49A0500115F4D /* PortfolioContainer.xcdatamodel */ = {isa = PBXFileReference; lastKnownFileType = wrapper.xcdatamodel; path = PortfolioContainer.xcdatamodel; sourceTree = "<group>"; };
		F45EC69026B49AA000115F4D /* PortfolioDataService.swift */ = {isa = PBXFileReference; lastKnownFileType = sourcecode.swift; path = PortfolioDataService.swift; sourceTree = "<group>"; };
		F45EC69226B5520300115F4D /* HapticManager.swift */ = {isa = PBXFileReference; lastKnownFileType = sourcecode.swift; path = HapticManager.swift; sourceTree = "<group>"; };
		F474278C26BB2A5F00D30B8B /* String.swift */ = {isa = PBXFileReference; lastKnownFileType = sourcecode.swift; path = String.swift; sourceTree = "<group>"; };
		F474279026BB318700D30B8B /* SettingsView.swift */ = {isa = PBXFileReference; lastKnownFileType = sourcecode.swift; path = SettingsView.swift; sourceTree = "<group>"; };
		F4892B0726B093E600432A5E /* StatistictModel.swift */ = {isa = PBXFileReference; lastKnownFileType = sourcecode.swift; path = StatistictModel.swift; sourceTree = "<group>"; };
		F4892B0926B0956700432A5E /* StatisticView.swift */ = {isa = PBXFileReference; lastKnownFileType = sourcecode.swift; path = StatisticView.swift; sourceTree = "<group>"; };
		F4892B0B26B0990B00432A5E /* HomeStatsView.swift */ = {isa = PBXFileReference; lastKnownFileType = sourcecode.swift; path = HomeStatsView.swift; sourceTree = "<group>"; };
		F4892B0D26B0A26F00432A5E /* MarketDataModel.swift */ = {isa = PBXFileReference; lastKnownFileType = sourcecode.swift; path = MarketDataModel.swift; sourceTree = "<group>"; };
		F48DC88226A72A9D00254A6D /* CoinModel.swift */ = {isa = PBXFileReference; lastKnownFileType = sourcecode.swift; path = CoinModel.swift; sourceTree = "<group>"; };
		F49B0DEA26BC74870017841B /* LaunchScreen.storyboard */ = {isa = PBXFileReference; lastKnownFileType = file.storyboard; path = LaunchScreen.storyboard; sourceTree = "<group>"; };
		F49B0DEC26BC77210017841B /* LaunchView.swift */ = {isa = PBXFileReference; lastKnownFileType = sourcecode.swift; path = LaunchView.swift; sourceTree = "<group>"; };
		F4A6C2B026A75BDC00F7DE33 /* CoinRowView.swift */ = {isa = PBXFileReference; lastKnownFileType = sourcecode.swift; path = CoinRowView.swift; sourceTree = "<group>"; };
		F4A6C2B226A75C9D00F7DE33 /* PreviewProvider.swift */ = {isa = PBXFileReference; lastKnownFileType = sourcecode.swift; path = PreviewProvider.swift; sourceTree = "<group>"; };
		F4A6C2B426A75FD400F7DE33 /* Double.swift */ = {isa = PBXFileReference; lastKnownFileType = sourcecode.swift; path = Double.swift; sourceTree = "<group>"; };
		F4A6C2B626A7666F00F7DE33 /* HomeViewModel.swift */ = {isa = PBXFileReference; lastKnownFileType = sourcecode.swift; path = HomeViewModel.swift; sourceTree = "<group>"; };
		F4B7FF8D26C0188400AE8AFA /* NetworkingManager.swift */ = {isa = PBXFileReference; lastKnownFileType = sourcecode.swift; path = NetworkingManager.swift; sourceTree = "<group>"; };
		F4C583B926B9CC08000BFECA /* ChartView.swift */ = {isa = PBXFileReference; lastKnownFileType = sourcecode.swift; path = ChartView.swift; sourceTree = "<group>"; };
		F4C583BB26B9D24E000BFECA /* Date.swift */ = {isa = PBXFileReference; lastKnownFileType = sourcecode.swift; path = Date.swift; sourceTree = "<group>"; };
		F4C85B5B26B887C3009C590A /* CryptoTests.xctest */ = {isa = PBXFileReference; explicitFileType = wrapper.cfbundle; includeInIndex = 0; path = CryptoTests.xctest; sourceTree = BUILT_PRODUCTS_DIR; };
		F4C85B5D26B887C3009C590A /* CryptoTests.swift */ = {isa = PBXFileReference; lastKnownFileType = sourcecode.swift; path = CryptoTests.swift; sourceTree = "<group>"; };
		F4C85B5F26B887C3009C590A /* Info.plist */ = {isa = PBXFileReference; lastKnownFileType = text.plist.xml; path = Info.plist; sourceTree = "<group>"; };
		F4C85B6526B88810009C590A /* CoinModelTests.swift */ = {isa = PBXFileReference; lastKnownFileType = sourcecode.swift; path = CoinModelTests.swift; sourceTree = "<group>"; };
		F4FD4C6426B591540012C9A7 /* DetailView.swift */ = {isa = PBXFileReference; lastKnownFileType = sourcecode.swift; path = DetailView.swift; sourceTree = "<group>"; };
/* End PBXFileReference section */

/* Begin PBXFrameworksBuildPhase section */
		F41B29A726A47B4000D7FD7E /* Frameworks */ = {
			isa = PBXFrameworksBuildPhase;
			buildActionMask = 2147483647;
			files = (
			);
			runOnlyForDeploymentPostprocessing = 0;
		};
		F44F34DB26BEDD4400FBA42A /* Frameworks */ = {
			isa = PBXFrameworksBuildPhase;
			buildActionMask = 2147483647;
			files = (
			);
			runOnlyForDeploymentPostprocessing = 0;
		};
		F4C85B5826B887C3009C590A /* Frameworks */ = {
			isa = PBXFrameworksBuildPhase;
			buildActionMask = 2147483647;
			files = (
			);
			runOnlyForDeploymentPostprocessing = 0;
		};
/* End PBXFrameworksBuildPhase section */

/* Begin PBXGroup section */
		F41B29A126A47B4000D7FD7E = {
			isa = PBXGroup;
			children = (
				F41B29AC26A47B4000D7FD7E /* Crypto */,
				F4C85B5C26B887C3009C590A /* CryptoTests */,
				F44F34DF26BEDD4400FBA42A /* CryptoUITests */,
				F41B29AB26A47B4000D7FD7E /* Products */,
			);
			sourceTree = "<group>";
		};
		F41B29AB26A47B4000D7FD7E /* Products */ = {
			isa = PBXGroup;
			children = (
				F41B29AA26A47B4000D7FD7E /* Crypto.app */,
				F4C85B5B26B887C3009C590A /* CryptoTests.xctest */,
				F44F34DE26BEDD4400FBA42A /* CryptoUITests.xctest */,
			);
			name = Products;
			sourceTree = "<group>";
		};
		F41B29AC26A47B4000D7FD7E /* Crypto */ = {
			isa = PBXGroup;
			children = (
				F4FD4C6026B58F0D0012C9A7 /* Core */,
				F438689E26AB5BA20072BA35 /* Utilities */,
				F48DC88126A72A8400254A6D /* Models */,
				F41B29BC26A47B5600D7FD7E /* Extensions */,
				F4482AC026A885CD00F96725 /* Services */,
				F41B29AD26A47B4000D7FD7E /* CryptoApp.swift */,
				F41B29B126A47B4000D7FD7E /* Assets.xcassets */,
				F41B29B626A47B4000D7FD7E /* Info.plist */,
				F41B29B326A47B4000D7FD7E /* Preview Content */,
			);
			path = Crypto;
			sourceTree = "<group>";
		};
		F41B29B326A47B4000D7FD7E /* Preview Content */ = {
			isa = PBXGroup;
			children = (
				F41B29B426A47B4000D7FD7E /* Preview Assets.xcassets */,
			);
			path = "Preview Content";
			sourceTree = "<group>";
		};
		F41B29BC26A47B5600D7FD7E /* Extensions */ = {
			isa = PBXGroup;
			children = (
				F41B29BD26A47C3800D7FD7E /* Color.swift */,
				F4A6C2B226A75C9D00F7DE33 /* PreviewProvider.swift */,
				F4A6C2B426A75FD400F7DE33 /* Double.swift */,
				F403F61526AF1B4700E64D9F /* UIApplication.swift */,
				F4C583BB26B9D24E000BFECA /* Date.swift */,
				F474278C26BB2A5F00D30B8B /* String.swift */,
			);
			path = Extensions;
			sourceTree = "<group>";
		};
		F41B29BF26A47C4B00D7FD7E /* Home */ = {
			isa = PBXGroup;
			children = (
				F41B29C126A47C5500D7FD7E /* ViewModels */,
				F41B29C026A47C5000D7FD7E /* Views */,
			);
			path = Home;
			sourceTree = "<group>";
		};
		F41B29C026A47C5000D7FD7E /* Views */ = {
			isa = PBXGroup;
			children = (
				F41B29C226A47C6500D7FD7E /* HomeView.swift */,
				F4892B0B26B0990B00432A5E /* HomeStatsView.swift */,
				F4A6C2B026A75BDC00F7DE33 /* CoinRowView.swift */,
				F45EC68726B34A8900115F4D /* PortfolioView.swift */,
			);
			path = Views;
			sourceTree = "<group>";
		};
		F41B29C126A47C5500D7FD7E /* ViewModels */ = {
			isa = PBXGroup;
			children = (
				F4A6C2B626A7666F00F7DE33 /* HomeViewModel.swift */,
			);
			path = ViewModels;
			sourceTree = "<group>";
		};
		F438689E26AB5BA20072BA35 /* Utilities */ = {
			isa = PBXGroup;
			children = (
				F438689F26AB5BE30072BA35 /* NetworkManager.swift */,
				F45AF88626AEDE9E00DF7D1E /* LocalFileManager.swift */,
				F45EC69226B5520300115F4D /* HapticManager.swift */,
				F4B7FF8D26C0188400AE8AFA /* NetworkingManager.swift */,
			);
			path = Utilities;
			sourceTree = "<group>";
		};
		F43868A126AB6CF80072BA35 /* CoinImage */ = {
			isa = PBXGroup;
			children = (
				F43868A226AB6D0C0072BA35 /* CoinImageView.swift */,
				F444EE1626ACB6FE00F6ADA1 /* CoinImageViewModel.swift */,
				F45EC68B26B3502000115F4D /* CoinLogoView.swift */,
			);
			path = CoinImage;
			sourceTree = "<group>";
		};
		F4482AC026A885CD00F96725 /* Services */ = {
			isa = PBXGroup;
			children = (
				F4482AC126A8863500F96725 /* CoinDataService.swift */,
				F444EE1426ACB22200F6ADA1 /* CoinImageService.swift */,
				F45EC68526B340F700115F4D /* MarketDataService.swift */,
				F45EC69026B49AA000115F4D /* PortfolioDataService.swift */,
				F45196AB26B7224D00EF4E35 /* CoinDetailDataService.swift */,
			);
			path = Services;
			sourceTree = "<group>";
		};
		F44F34DF26BEDD4400FBA42A /* CryptoUITests */ = {
			isa = PBXGroup;
			children = (
				F44F34E026BEDD4500FBA42A /* CryptoUITests.swift */,
				F44F34E226BEDD4500FBA42A /* Info.plist */,
			);
			path = CryptoUITests;
			sourceTree = "<group>";
		};
		F458683226A6264C007060EA /* Components */ = {
			isa = PBXGroup;
			children = (
				F43868A126AB6CF80072BA35 /* CoinImage */,
				F458683326A62661007060EA /* CircleButton */,
				F403F61326AF151200E64D9F /* SearchBarView.swift */,
				F4892B0926B0956700432A5E /* StatisticView.swift */,
				F45EC68926B34CC200115F4D /* XMarkButton.swift */,
			);
			path = Components;
			sourceTree = "<group>";
		};
		F458683326A62661007060EA /* CircleButton */ = {
			isa = PBXGroup;
			children = (
				F458683426A62672007060EA /* CircleButtonView.swift */,
				F458683626A62B3B007060EA /* CIrcleButtonAnimationView.swift */,
			);
			path = CircleButton;
			sourceTree = "<group>";
		};
		F474278E26BB317200D30B8B /* Settings */ = {
			isa = PBXGroup;
			children = (
				F474278F26BB317B00D30B8B /* Views */,
			);
			path = Settings;
			sourceTree = "<group>";
		};
		F474278F26BB317B00D30B8B /* Views */ = {
			isa = PBXGroup;
			children = (
				F474279026BB318700D30B8B /* SettingsView.swift */,
			);
			path = Views;
			sourceTree = "<group>";
		};
		F48DC88126A72A8400254A6D /* Models */ = {
			isa = PBXGroup;
			children = (
				F48DC88226A72A9D00254A6D /* CoinModel.swift */,
				F4892B0726B093E600432A5E /* StatistictModel.swift */,
				F4892B0D26B0A26F00432A5E /* MarketDataModel.swift */,
				F45EC68D26B49A0500115F4D /* PortfolioContainer.xcdatamodeld */,
				F45196A726B71E2900EF4E35 /* CoinDetailModel.swift */,
			);
			path = Models;
			sourceTree = "<group>";
		};
		F49B0DE826BC74710017841B /* Launch */ = {
			isa = PBXGroup;
			children = (
				F49B0DE926BC74790017841B /* Views */,
			);
			path = Launch;
			sourceTree = "<group>";
		};
		F49B0DE926BC74790017841B /* Views */ = {
			isa = PBXGroup;
			children = (
				F49B0DEA26BC74870017841B /* LaunchScreen.storyboard */,
				F49B0DEC26BC77210017841B /* LaunchView.swift */,
			);
			path = Views;
			sourceTree = "<group>";
		};
		F4C85B5C26B887C3009C590A /* CryptoTests */ = {
			isa = PBXGroup;
			children = (
				F44F34D826BED2B800FBA42A /* CoinDataServiceTests.swift */,
				F4C85B5D26B887C3009C590A /* CryptoTests.swift */,
				F4C85B5F26B887C3009C590A /* Info.plist */,
				F4C85B6526B88810009C590A /* CoinModelTests.swift */,
			);
			path = CryptoTests;
			sourceTree = "<group>";
		};
		F4FD4C6026B58F0D0012C9A7 /* Core */ = {
			isa = PBXGroup;
			children = (
				F49B0DE826BC74710017841B /* Launch */,
				F474278E26BB317200D30B8B /* Settings */,
				F4FD4C6126B58F5E0012C9A7 /* Detail */,
				F458683226A6264C007060EA /* Components */,
				F41B29BF26A47C4B00D7FD7E /* Home */,
			);
			path = Core;
			sourceTree = "<group>";
		};
		F4FD4C6126B58F5E0012C9A7 /* Detail */ = {
			isa = PBXGroup;
			children = (
				F4FD4C6326B591350012C9A7 /* ViewModels */,
				F4FD4C6226B5912F0012C9A7 /* Views */,
			);
			path = Detail;
			sourceTree = "<group>";
		};
		F4FD4C6226B5912F0012C9A7 /* Views */ = {
			isa = PBXGroup;
			children = (
				F4FD4C6426B591540012C9A7 /* DetailView.swift */,
				F4C583B926B9CC08000BFECA /* ChartView.swift */,
			);
			path = Views;
			sourceTree = "<group>";
		};
		F4FD4C6326B591350012C9A7 /* ViewModels */ = {
			isa = PBXGroup;
			children = (
				F45196A926B7221E00EF4E35 /* DetailViewModel.swift */,
			);
			path = ViewModels;
			sourceTree = "<group>";
		};
/* End PBXGroup section */

/* Begin PBXNativeTarget section */
		F41B29A926A47B4000D7FD7E /* Crypto */ = {
			isa = PBXNativeTarget;
			buildConfigurationList = F41B29B926A47B4000D7FD7E /* Build configuration list for PBXNativeTarget "Crypto" */;
			buildPhases = (
				F41B29A626A47B4000D7FD7E /* Sources */,
				F41B29A726A47B4000D7FD7E /* Frameworks */,
				F41B29A826A47B4000D7FD7E /* Resources */,
			);
			buildRules = (
			);
			dependencies = (
			);
			name = Crypto;
			productName = Crypto;
			productReference = F41B29AA26A47B4000D7FD7E /* Crypto.app */;
			productType = "com.apple.product-type.application";
		};
		F44F34DD26BEDD4400FBA42A /* CryptoUITests */ = {
			isa = PBXNativeTarget;
			buildConfigurationList = F44F34E526BEDD4500FBA42A /* Build configuration list for PBXNativeTarget "CryptoUITests" */;
			buildPhases = (
				F44F34DA26BEDD4400FBA42A /* Sources */,
				F44F34DB26BEDD4400FBA42A /* Frameworks */,
				F44F34DC26BEDD4400FBA42A /* Resources */,
			);
			buildRules = (
			);
			dependencies = (
				F44F34E426BEDD4500FBA42A /* PBXTargetDependency */,
			);
			name = CryptoUITests;
			productName = CryptoUITests;
			productReference = F44F34DE26BEDD4400FBA42A /* CryptoUITests.xctest */;
			productType = "com.apple.product-type.bundle.ui-testing";
		};
		F4C85B5A26B887C3009C590A /* CryptoTests */ = {
			isa = PBXNativeTarget;
			buildConfigurationList = F4C85B6426B887C3009C590A /* Build configuration list for PBXNativeTarget "CryptoTests" */;
			buildPhases = (
				F4C85B5726B887C3009C590A /* Sources */,
				F4C85B5826B887C3009C590A /* Frameworks */,
				F4C85B5926B887C3009C590A /* Resources */,
			);
			buildRules = (
			);
			dependencies = (
				F4C85B6126B887C3009C590A /* PBXTargetDependency */,
			);
			name = CryptoTests;
			productName = CryptoTests;
			productReference = F4C85B5B26B887C3009C590A /* CryptoTests.xctest */;
			productType = "com.apple.product-type.bundle.unit-test";
		};
/* End PBXNativeTarget section */

/* Begin PBXProject section */
		F41B29A226A47B4000D7FD7E /* Project object */ = {
			isa = PBXProject;
			attributes = {
				LastSwiftUpdateCheck = 1250;
				LastUpgradeCheck = 1250;
				TargetAttributes = {
					F41B29A926A47B4000D7FD7E = {
						CreatedOnToolsVersion = 12.5.1;
					};
					F44F34DD26BEDD4400FBA42A = {
						CreatedOnToolsVersion = 12.5.1;
						TestTargetID = F41B29A926A47B4000D7FD7E;
					};
					F4C85B5A26B887C3009C590A = {
						CreatedOnToolsVersion = 12.5.1;
					};
				};
			};
			buildConfigurationList = F41B29A526A47B4000D7FD7E /* Build configuration list for PBXProject "Crypto" */;
			compatibilityVersion = "Xcode 9.3";
			developmentRegion = en;
			hasScannedForEncodings = 0;
			knownRegions = (
				en,
				Base,
			);
			mainGroup = F41B29A126A47B4000D7FD7E;
			productRefGroup = F41B29AB26A47B4000D7FD7E /* Products */;
			projectDirPath = "";
			projectRoot = "";
			targets = (
				F41B29A926A47B4000D7FD7E /* Crypto */,
				F4C85B5A26B887C3009C590A /* CryptoTests */,
				F44F34DD26BEDD4400FBA42A /* CryptoUITests */,
			);
		};
/* End PBXProject section */

/* Begin PBXResourcesBuildPhase section */
		F41B29A826A47B4000D7FD7E /* Resources */ = {
			isa = PBXResourcesBuildPhase;
			buildActionMask = 2147483647;
			files = (
				F49B0DEB26BC74870017841B /* LaunchScreen.storyboard in Resources */,
				F41B29B526A47B4000D7FD7E /* Preview Assets.xcassets in Resources */,
				F41B29B226A47B4000D7FD7E /* Assets.xcassets in Resources */,
			);
			runOnlyForDeploymentPostprocessing = 0;
		};
		F44F34DC26BEDD4400FBA42A /* Resources */ = {
			isa = PBXResourcesBuildPhase;
			buildActionMask = 2147483647;
			files = (
			);
			runOnlyForDeploymentPostprocessing = 0;
		};
		F4C85B5926B887C3009C590A /* Resources */ = {
			isa = PBXResourcesBuildPhase;
			buildActionMask = 2147483647;
			files = (
			);
			runOnlyForDeploymentPostprocessing = 0;
		};
/* End PBXResourcesBuildPhase section */

/* Begin PBXSourcesBuildPhase section */
		F41B29A626A47B4000D7FD7E /* Sources */ = {
			isa = PBXSourcesBuildPhase;
			buildActionMask = 2147483647;
			files = (
				F45EC68F26B49A0500115F4D /* PortfolioContainer.xcdatamodeld in Sources */,
				F4482AC226A8863500F96725 /* CoinDataService.swift in Sources */,
				F45196A826B71E2900EF4E35 /* CoinDetailModel.swift in Sources */,
				F4C583BA26B9CC08000BFECA /* ChartView.swift in Sources */,
				F4A6C2B126A75BDC00F7DE33 /* CoinRowView.swift in Sources */,
				F4A6C2B726A7666F00F7DE33 /* HomeViewModel.swift in Sources */,
				F45EC68A26B34CC200115F4D /* XMarkButton.swift in Sources */,
				F4C583BC26B9D24E000BFECA /* Date.swift in Sources */,
				F45AF88726AEDE9E00DF7D1E /* LocalFileManager.swift in Sources */,
				F4892B0826B093E600432A5E /* StatistictModel.swift in Sources */,
				F4892B0E26B0A26F00432A5E /* MarketDataModel.swift in Sources */,
				F41B29C326A47C6500D7FD7E /* HomeView.swift in Sources */,
				F4892B0A26B0956700432A5E /* StatisticView.swift in Sources */,
				F43868A326AB6D0C0072BA35 /* CoinImageView.swift in Sources */,
				F41B29AE26A47B4000D7FD7E /* CryptoApp.swift in Sources */,
				F403F61626AF1B4700E64D9F /* UIApplication.swift in Sources */,
				F458683526A62672007060EA /* CircleButtonView.swift in Sources */,
				F41B29BE26A47C3800D7FD7E /* Color.swift in Sources */,
				F4FD4C6526B591540012C9A7 /* DetailView.swift in Sources */,
				F45EC69326B5520300115F4D /* HapticManager.swift in Sources */,
				F403F61426AF151200E64D9F /* SearchBarView.swift in Sources */,
				F4B7FF8E26C0188400AE8AFA /* NetworkingManager.swift in Sources */,
				F49B0DED26BC77210017841B /* LaunchView.swift in Sources */,
				F43868A026AB5BE30072BA35 /* NetworkManager.swift in Sources */,
				F45EC68C26B3502000115F4D /* CoinLogoView.swift in Sources */,
				F4892B0C26B0990B00432A5E /* HomeStatsView.swift in Sources */,
				F45EC68626B340F700115F4D /* MarketDataService.swift in Sources */,
				F458683726A62B3B007060EA /* CIrcleButtonAnimationView.swift in Sources */,
				F474278D26BB2A5F00D30B8B /* String.swift in Sources */,
				F444EE1726ACB6FE00F6ADA1 /* CoinImageViewModel.swift in Sources */,
				F4A6C2B326A75C9D00F7DE33 /* PreviewProvider.swift in Sources */,
				F45EC68826B34A8900115F4D /* PortfolioView.swift in Sources */,
				F4A6C2B526A75FD400F7DE33 /* Double.swift in Sources */,
				F444EE1526ACB22200F6ADA1 /* CoinImageService.swift in Sources */,
				F48DC88326A72A9D00254A6D /* CoinModel.swift in Sources */,
				F45196AC26B7224D00EF4E35 /* CoinDetailDataService.swift in Sources */,
				F45196AA26B7221E00EF4E35 /* DetailViewModel.swift in Sources */,
				F45EC69126B49AA000115F4D /* PortfolioDataService.swift in Sources */,
				F474279126BB318700D30B8B /* SettingsView.swift in Sources */,
			);
			runOnlyForDeploymentPostprocessing = 0;
		};
		F44F34DA26BEDD4400FBA42A /* Sources */ = {
			isa = PBXSourcesBuildPhase;
			buildActionMask = 2147483647;
			files = (
				F44F34E126BEDD4500FBA42A /* CryptoUITests.swift in Sources */,
			);
			runOnlyForDeploymentPostprocessing = 0;
		};
		F4C85B5726B887C3009C590A /* Sources */ = {
			isa = PBXSourcesBuildPhase;
			buildActionMask = 2147483647;
			files = (
				F4D7E47126C19DD7007AB772 /* NetworkManager.swift in Sources */,
				F4D7E47026C19D76007AB772 /* CoinDataService.swift in Sources */,
				F4D7E46F26C19C78007AB772 /* NetworkingManager.swift in Sources */,
				F4D7E46E26C19C54007AB772 /* CoinModel.swift in Sources */,
				F44F34D926BED2B800FBA42A /* CoinDataServiceTests.swift in Sources */,
				F4C85B6626B88810009C590A /* CoinModelTests.swift in Sources */,
				F4C85B5E26B887C3009C590A /* CryptoTests.swift in Sources */,
			);
			runOnlyForDeploymentPostprocessing = 0;
		};
/* End PBXSourcesBuildPhase section */

/* Begin PBXTargetDependency section */
		F44F34E426BEDD4500FBA42A /* PBXTargetDependency */ = {
			isa = PBXTargetDependency;
			target = F41B29A926A47B4000D7FD7E /* Crypto */;
			targetProxy = F44F34E326BEDD4500FBA42A /* PBXContainerItemProxy */;
		};
		F4C85B6126B887C3009C590A /* PBXTargetDependency */ = {
			isa = PBXTargetDependency;
			target = F41B29A926A47B4000D7FD7E /* Crypto */;
			targetProxy = F4C85B6026B887C3009C590A /* PBXContainerItemProxy */;
		};
/* End PBXTargetDependency section */

/* Begin XCBuildConfiguration section */
		F41B29B726A47B4000D7FD7E /* Debug */ = {
			isa = XCBuildConfiguration;
			buildSettings = {
				ALWAYS_SEARCH_USER_PATHS = NO;
				CLANG_ANALYZER_NONNULL = YES;
				CLANG_ANALYZER_NUMBER_OBJECT_CONVERSION = YES_AGGRESSIVE;
				CLANG_CXX_LANGUAGE_STANDARD = "gnu++14";
				CLANG_CXX_LIBRARY = "libc++";
				CLANG_ENABLE_MODULES = YES;
				CLANG_ENABLE_OBJC_ARC = YES;
				CLANG_ENABLE_OBJC_WEAK = YES;
				CLANG_WARN_BLOCK_CAPTURE_AUTORELEASING = YES;
				CLANG_WARN_BOOL_CONVERSION = YES;
				CLANG_WARN_COMMA = YES;
				CLANG_WARN_CONSTANT_CONVERSION = YES;
				CLANG_WARN_DEPRECATED_OBJC_IMPLEMENTATIONS = YES;
				CLANG_WARN_DIRECT_OBJC_ISA_USAGE = YES_ERROR;
				CLANG_WARN_DOCUMENTATION_COMMENTS = YES;
				CLANG_WARN_EMPTY_BODY = YES;
				CLANG_WARN_ENUM_CONVERSION = YES;
				CLANG_WARN_INFINITE_RECURSION = YES;
				CLANG_WARN_INT_CONVERSION = YES;
				CLANG_WARN_NON_LITERAL_NULL_CONVERSION = YES;
				CLANG_WARN_OBJC_IMPLICIT_RETAIN_SELF = YES;
				CLANG_WARN_OBJC_LITERAL_CONVERSION = YES;
				CLANG_WARN_OBJC_ROOT_CLASS = YES_ERROR;
				CLANG_WARN_QUOTED_INCLUDE_IN_FRAMEWORK_HEADER = YES;
				CLANG_WARN_RANGE_LOOP_ANALYSIS = YES;
				CLANG_WARN_STRICT_PROTOTYPES = YES;
				CLANG_WARN_SUSPICIOUS_MOVE = YES;
				CLANG_WARN_UNGUARDED_AVAILABILITY = YES_AGGRESSIVE;
				CLANG_WARN_UNREACHABLE_CODE = YES;
				CLANG_WARN__DUPLICATE_METHOD_MATCH = YES;
				COPY_PHASE_STRIP = NO;
				DEBUG_INFORMATION_FORMAT = dwarf;
				ENABLE_STRICT_OBJC_MSGSEND = YES;
				ENABLE_TESTABILITY = YES;
				GCC_C_LANGUAGE_STANDARD = gnu11;
				GCC_DYNAMIC_NO_PIC = NO;
				GCC_NO_COMMON_BLOCKS = YES;
				GCC_OPTIMIZATION_LEVEL = 0;
				GCC_PREPROCESSOR_DEFINITIONS = (
					"DEBUG=1",
					"$(inherited)",
				);
				GCC_WARN_64_TO_32_BIT_CONVERSION = YES;
				GCC_WARN_ABOUT_RETURN_TYPE = YES_ERROR;
				GCC_WARN_UNDECLARED_SELECTOR = YES;
				GCC_WARN_UNINITIALIZED_AUTOS = YES_AGGRESSIVE;
				GCC_WARN_UNUSED_FUNCTION = YES;
				GCC_WARN_UNUSED_VARIABLE = YES;
				IPHONEOS_DEPLOYMENT_TARGET = 14.5;
				MTL_ENABLE_DEBUG_INFO = INCLUDE_SOURCE;
				MTL_FAST_MATH = YES;
				ONLY_ACTIVE_ARCH = YES;
				SDKROOT = iphoneos;
				SWIFT_ACTIVE_COMPILATION_CONDITIONS = DEBUG;
				SWIFT_OPTIMIZATION_LEVEL = "-Onone";
			};
			name = Debug;
		};
		F41B29B826A47B4000D7FD7E /* Release */ = {
			isa = XCBuildConfiguration;
			buildSettings = {
				ALWAYS_SEARCH_USER_PATHS = NO;
				CLANG_ANALYZER_NONNULL = YES;
				CLANG_ANALYZER_NUMBER_OBJECT_CONVERSION = YES_AGGRESSIVE;
				CLANG_CXX_LANGUAGE_STANDARD = "gnu++14";
				CLANG_CXX_LIBRARY = "libc++";
				CLANG_ENABLE_MODULES = YES;
				CLANG_ENABLE_OBJC_ARC = YES;
				CLANG_ENABLE_OBJC_WEAK = YES;
				CLANG_WARN_BLOCK_CAPTURE_AUTORELEASING = YES;
				CLANG_WARN_BOOL_CONVERSION = YES;
				CLANG_WARN_COMMA = YES;
				CLANG_WARN_CONSTANT_CONVERSION = YES;
				CLANG_WARN_DEPRECATED_OBJC_IMPLEMENTATIONS = YES;
				CLANG_WARN_DIRECT_OBJC_ISA_USAGE = YES_ERROR;
				CLANG_WARN_DOCUMENTATION_COMMENTS = YES;
				CLANG_WARN_EMPTY_BODY = YES;
				CLANG_WARN_ENUM_CONVERSION = YES;
				CLANG_WARN_INFINITE_RECURSION = YES;
				CLANG_WARN_INT_CONVERSION = YES;
				CLANG_WARN_NON_LITERAL_NULL_CONVERSION = YES;
				CLANG_WARN_OBJC_IMPLICIT_RETAIN_SELF = YES;
				CLANG_WARN_OBJC_LITERAL_CONVERSION = YES;
				CLANG_WARN_OBJC_ROOT_CLASS = YES_ERROR;
				CLANG_WARN_QUOTED_INCLUDE_IN_FRAMEWORK_HEADER = YES;
				CLANG_WARN_RANGE_LOOP_ANALYSIS = YES;
				CLANG_WARN_STRICT_PROTOTYPES = YES;
				CLANG_WARN_SUSPICIOUS_MOVE = YES;
				CLANG_WARN_UNGUARDED_AVAILABILITY = YES_AGGRESSIVE;
				CLANG_WARN_UNREACHABLE_CODE = YES;
				CLANG_WARN__DUPLICATE_METHOD_MATCH = YES;
				COPY_PHASE_STRIP = NO;
				DEBUG_INFORMATION_FORMAT = "dwarf-with-dsym";
				ENABLE_NS_ASSERTIONS = NO;
				ENABLE_STRICT_OBJC_MSGSEND = YES;
				GCC_C_LANGUAGE_STANDARD = gnu11;
				GCC_NO_COMMON_BLOCKS = YES;
				GCC_WARN_64_TO_32_BIT_CONVERSION = YES;
				GCC_WARN_ABOUT_RETURN_TYPE = YES_ERROR;
				GCC_WARN_UNDECLARED_SELECTOR = YES;
				GCC_WARN_UNINITIALIZED_AUTOS = YES_AGGRESSIVE;
				GCC_WARN_UNUSED_FUNCTION = YES;
				GCC_WARN_UNUSED_VARIABLE = YES;
				IPHONEOS_DEPLOYMENT_TARGET = 14.5;
				MTL_ENABLE_DEBUG_INFO = NO;
				MTL_FAST_MATH = YES;
				SDKROOT = iphoneos;
				SWIFT_COMPILATION_MODE = wholemodule;
				SWIFT_OPTIMIZATION_LEVEL = "-O";
				VALIDATE_PRODUCT = YES;
			};
			name = Release;
		};
		F41B29BA26A47B4000D7FD7E /* Debug */ = {
			isa = XCBuildConfiguration;
			buildSettings = {
				ASSETCATALOG_COMPILER_APPICON_NAME = AppIcon;
				ASSETCATALOG_COMPILER_GLOBAL_ACCENT_COLOR_NAME = AccentColor;
				CODE_SIGN_IDENTITY = "Apple Development";
				CODE_SIGN_STYLE = Automatic;
				DEVELOPMENT_ASSET_PATHS = "\"Crypto/Preview Content\"";
				DEVELOPMENT_TEAM = TGTKLDS83Q;
				ENABLE_PREVIEWS = YES;
				INFOPLIST_FILE = Crypto/Info.plist;
				IPHONEOS_DEPLOYMENT_TARGET = 14.0;
				LD_RUNPATH_SEARCH_PATHS = (
					"$(inherited)",
					"@executable_path/Frameworks",
				);
				PRODUCT_BUNDLE_IDENTIFIER = com.lukasz.Crypto;
				PRODUCT_NAME = "$(TARGET_NAME)";
				PROVISIONING_PROFILE_SPECIFIER = "";
				SWIFT_VERSION = 5.0;
				TARGETED_DEVICE_FAMILY = "1,2";
			};
			name = Debug;
		};
		F41B29BB26A47B4000D7FD7E /* Release */ = {
			isa = XCBuildConfiguration;
			buildSettings = {
				ASSETCATALOG_COMPILER_APPICON_NAME = AppIcon;
				ASSETCATALOG_COMPILER_GLOBAL_ACCENT_COLOR_NAME = AccentColor;
				CODE_SIGN_IDENTITY = "Apple Development";
				CODE_SIGN_STYLE = Automatic;
				DEVELOPMENT_ASSET_PATHS = "\"Crypto/Preview Content\"";
				DEVELOPMENT_TEAM = TGTKLDS83Q;
				ENABLE_PREVIEWS = YES;
				INFOPLIST_FILE = Crypto/Info.plist;
				IPHONEOS_DEPLOYMENT_TARGET = 14.0;
				LD_RUNPATH_SEARCH_PATHS = (
					"$(inherited)",
					"@executable_path/Frameworks",
				);
				PRODUCT_BUNDLE_IDENTIFIER = com.lukasz.Crypto;
				PRODUCT_NAME = "$(TARGET_NAME)";
				PROVISIONING_PROFILE_SPECIFIER = "";
				SWIFT_VERSION = 5.0;
				TARGETED_DEVICE_FAMILY = "1,2";
			};
			name = Release;
		};
		F44F34E626BEDD4500FBA42A /* Debug */ = {
			isa = XCBuildConfiguration;
			buildSettings = {
				CODE_SIGN_STYLE = Automatic;
				INFOPLIST_FILE = CryptoUITests/Info.plist;
				LD_RUNPATH_SEARCH_PATHS = (
					"$(inherited)",
					"@executable_path/Frameworks",
					"@loader_path/Frameworks",
				);
				PRODUCT_BUNDLE_IDENTIFIER = com.lukasz.CryptoUITests;
				PRODUCT_NAME = "$(TARGET_NAME)";
				SWIFT_VERSION = 5.0;
				TARGETED_DEVICE_FAMILY = "1,2";
				TEST_TARGET_NAME = Crypto;
			};
			name = Debug;
		};
		F44F34E726BEDD4500FBA42A /* Release */ = {
			isa = XCBuildConfiguration;
			buildSettings = {
				CODE_SIGN_STYLE = Automatic;
				INFOPLIST_FILE = CryptoUITests/Info.plist;
				LD_RUNPATH_SEARCH_PATHS = (
					"$(inherited)",
					"@executable_path/Frameworks",
					"@loader_path/Frameworks",
				);
				PRODUCT_BUNDLE_IDENTIFIER = com.lukasz.CryptoUITests;
				PRODUCT_NAME = "$(TARGET_NAME)";
				SWIFT_VERSION = 5.0;
				TARGETED_DEVICE_FAMILY = "1,2";
				TEST_TARGET_NAME = Crypto;
			};
			name = Release;
		};
		F4C85B6226B887C3009C590A /* Debug */ = {
			isa = XCBuildConfiguration;
			buildSettings = {
				CODE_SIGN_STYLE = Automatic;
				INFOPLIST_FILE = CryptoTests/Info.plist;
				LD_RUNPATH_SEARCH_PATHS = (
					"$(inherited)",
					"@executable_path/Frameworks",
					"@loader_path/Frameworks",
				);
				PRODUCT_BUNDLE_IDENTIFIER = com.lukasz.CryptoTests;
				PRODUCT_NAME = "$(TARGET_NAME)";
				SWIFT_VERSION = 5.0;
				TARGETED_DEVICE_FAMILY = "1,2";
			};
			name = Debug;
		};
		F4C85B6326B887C3009C590A /* Release */ = {
			isa = XCBuildConfiguration;
			buildSettings = {
				CODE_SIGN_STYLE = Automatic;
				INFOPLIST_FILE = CryptoTests/Info.plist;
				LD_RUNPATH_SEARCH_PATHS = (
					"$(inherited)",
					"@executable_path/Frameworks",
					"@loader_path/Frameworks",
				);
				PRODUCT_BUNDLE_IDENTIFIER = com.lukasz.CryptoTests;
				PRODUCT_NAME = "$(TARGET_NAME)";
				SWIFT_VERSION = 5.0;
				TARGETED_DEVICE_FAMILY = "1,2";
			};
			name = Release;
		};
/* End XCBuildConfiguration section */

/* Begin XCConfigurationList section */
		F41B29A526A47B4000D7FD7E /* Build configuration list for PBXProject "Crypto" */ = {
			isa = XCConfigurationList;
			buildConfigurations = (
				F41B29B726A47B4000D7FD7E /* Debug */,
				F41B29B826A47B4000D7FD7E /* Release */,
			);
			defaultConfigurationIsVisible = 0;
			defaultConfigurationName = Release;
		};
		F41B29B926A47B4000D7FD7E /* Build configuration list for PBXNativeTarget "Crypto" */ = {
			isa = XCConfigurationList;
			buildConfigurations = (
				F41B29BA26A47B4000D7FD7E /* Debug */,
				F41B29BB26A47B4000D7FD7E /* Release */,
			);
			defaultConfigurationIsVisible = 0;
			defaultConfigurationName = Release;
		};
		F44F34E526BEDD4500FBA42A /* Build configuration list for PBXNativeTarget "CryptoUITests" */ = {
			isa = XCConfigurationList;
			buildConfigurations = (
				F44F34E626BEDD4500FBA42A /* Debug */,
				F44F34E726BEDD4500FBA42A /* Release */,
			);
			defaultConfigurationIsVisible = 0;
			defaultConfigurationName = Release;
		};
		F4C85B6426B887C3009C590A /* Build configuration list for PBXNativeTarget "CryptoTests" */ = {
			isa = XCConfigurationList;
			buildConfigurations = (
				F4C85B6226B887C3009C590A /* Debug */,
				F4C85B6326B887C3009C590A /* Release */,
			);
			defaultConfigurationIsVisible = 0;
			defaultConfigurationName = Release;
		};
/* End XCConfigurationList section */

/* Begin XCVersionGroup section */
		F45EC68D26B49A0500115F4D /* PortfolioContainer.xcdatamodeld */ = {
			isa = XCVersionGroup;
			children = (
				F45EC68E26B49A0500115F4D /* PortfolioContainer.xcdatamodel */,
			);
			currentVersion = F45EC68E26B49A0500115F4D /* PortfolioContainer.xcdatamodel */;
			path = PortfolioContainer.xcdatamodeld;
			sourceTree = "<group>";
			versionGroupType = wrapper.xcdatamodel;
		};
/* End XCVersionGroup section */
	};
	rootObject = F41B29A226A47B4000D7FD7E /* Project object */;
}
